// !$*UTF8*$!
{
	archiveVersion = 1;
	classes = {
	};
	objectVersion = 46;
	objects = {

/* Begin PBXBuildFile section */
		022AE63BFB61DA6E35112602 /* CaseParser.swift in Sources */ = {isa = PBXBuildFile; fileRef = D17899EB0EE7DE228ECC45FD /* CaseParser.swift */; };
		037E26FC27CBCEB160CBD65B /* TagParser.swift in Sources */ = {isa = PBXBuildFile; fileRef = 90C3B7CF8E3774D25AF283A2 /* TagParser.swift */; };
		06419805B6830D9CD576DF0D /* _Truck.swift in Sources */ = {isa = PBXBuildFile; fileRef = AECE16289649A0C108A9E54E /* _Truck.swift */; };
		06B7722B098017AA7D86D178 /* ENTag.swift in Sources */ = {isa = PBXBuildFile; fileRef = 02F49344635769F0C0E78B50 /* ENTag.swift */; };
		077E010AFD41C8958D3EE8A5 /* EMSAgencyTransport.swift in Sources */ = {isa = PBXBuildFile; fileRef = C643ADAB962B5DB4A8AFF82F /* EMSAgencyTransport.swift */; };
		0867C3A316594A52E91A6F0E /* _CaseQueue.swift in Sources */ = {isa = PBXBuildFile; fileRef = 1B100E69C85FF0705F38406F /* _CaseQueue.swift */; };
		0B1448FC3EDD5EB7E5C6996B /* APIRequestTagParser.swift in Sources */ = {isa = PBXBuildFile; fileRef = DA3F40EC8DB4BD50DFA4DDE5 /* APIRequestTagParser.swift */; };
		0B8FEFFF5614DD68C02CD7BA /* APIRequestUpload.swift in Sources */ = {isa = PBXBuildFile; fileRef = BB2FCCF4B73FE628379B379E /* APIRequestUpload.swift */; };
		0D4FC31C642ECDC4293B94A7 /* _File.swift in Sources */ = {isa = PBXBuildFile; fileRef = B5802D70C58FDFF47331A271 /* _File.swift */; };
		0DC11E812398481411DC2081 /* ENCMessageText.swift in Sources */ = {isa = PBXBuildFile; fileRef = DE69549AFA15FA25EC1F9281 /* ENCMessageText.swift */; };
		0E763CDE5BF7D495B953E6B7 /* UserParser.swift in Sources */ = {isa = PBXBuildFile; fileRef = 7DF325462FEC2B5D68CAD6A3 /* UserParser.swift */; };
		0F6343A111F1870B17C88A84 /* ENEMSAgency.swift in Sources */ = {isa = PBXBuildFile; fileRef = E7B5DE838A30A6283BC4A530 /* ENEMSAgency.swift */; };
		11FF2D752ECF52EDE70CEA68 /* Complaint.swift in Sources */ = {isa = PBXBuildFile; fileRef = 3DBBFD4670F58D3515B2AC18 /* Complaint.swift */; };
		12F8A789D0C5010D3BF5A2CB /* _APIRequestUpload.swift in Sources */ = {isa = PBXBuildFile; fileRef = EF8312667797F74AC44A2B7E /* _APIRequestUpload.swift */; };
		15F5C2010849AF68B44C8DAC /* APIRequestLocationSerializer.swift in Sources */ = {isa = PBXBuildFile; fileRef = 2BD6B0FEC03FEE5CEBBEEA4C /* APIRequestLocationSerializer.swift */; };
		178487800E97DB4EFA99C78F /* APIRequestLocation.swift in Sources */ = {isa = PBXBuildFile; fileRef = 6E9274BB7004D09E5AB53E4F /* APIRequestLocation.swift */; };
		185AD8B8A8FB6E0C52E8EB9B /* ENObject.swift in Sources */ = {isa = PBXBuildFile; fileRef = F2ECCD20B51C3CAB9EFFB816 /* ENObject.swift */; };
		1A32250B43B2C398376C243F /* ChatMessageSerializer.swift in Sources */ = {isa = PBXBuildFile; fileRef = 9D0C81EE21759A0EC7EE2C27 /* ChatMessageSerializer.swift */; };
		1AC25A4F4567A55A3F1B4CCB /* _Object.swift in Sources */ = {isa = PBXBuildFile; fileRef = 656D64DDDDED784038E0F71A /* _Object.swift */; };
		1B66DE79843987A6E0731A19 /* _APIRequestCase.swift in Sources */ = {isa = PBXBuildFile; fileRef = FCA5194F94BD8B089F151571 /* _APIRequestCase.swift */; };
		1CD6C87C03184A207B25D225 /* TruckSerializer.swift in Sources */ = {isa = PBXBuildFile; fileRef = 4427890B3647E411FA65AD32 /* TruckSerializer.swift */; };
		1D3A725284D79B50E6837A99 /* HospitalTransport.swift in Sources */ = {isa = PBXBuildFile; fileRef = 965348E9A10EE08350D0BCA1 /* HospitalTransport.swift */; };
		2127D8F318008BEB6A9F91E2 /* ENAPIRequestUpload.swift in Sources */ = {isa = PBXBuildFile; fileRef = A3B643D47B7FE5B34D5F5D60 /* ENAPIRequestUpload.swift */; };
		2195F1F35D51BE49E9DF64D9 /* ChatMessageParser.swift in Sources */ = {isa = PBXBuildFile; fileRef = A5ED941CAEBEA6BFB2C3DE38 /* ChatMessageParser.swift */; };
		219FC430CEAF062FD32277E1 /* ChatMessage.swift in Sources */ = {isa = PBXBuildFile; fileRef = F5564F707C54F53ED68188E6 /* ChatMessage.swift */; };
		221346D253C682AD46AF1707 /* _APIRequestTag.swift in Sources */ = {isa = PBXBuildFile; fileRef = AC642A2C78FAE0BD821BB2EC /* _APIRequestTag.swift */; };
		23C3ECB3642BCBC373A92751 /* APIRequestTagService.swift in Sources */ = {isa = PBXBuildFile; fileRef = B34E6EDC114F536FC046D671 /* APIRequestTagService.swift */; };
		2827E30FE4D3EF57131FDC81 /* ENAPIRequestChat.swift in Sources */ = {isa = PBXBuildFile; fileRef = C2E7D0617B252A7023BA55C1 /* ENAPIRequestChat.swift */; };
		2B1E0B069D73ED8421516DAF /* File.swift in Sources */ = {isa = PBXBuildFile; fileRef = 0D48BFA113479B1DAA7284A9 /* File.swift */; };
		2D5E84598BA77AE30B8946F2 /* APIRequestUploadSerializer.swift in Sources */ = {isa = PBXBuildFile; fileRef = A848DAC10BB46FFE7580DB4C /* APIRequestUploadSerializer.swift */; };
		2E61A5B3E3C1540EACCEBBFB /* CMessageTextTransport.swift in Sources */ = {isa = PBXBuildFile; fileRef = A541D264D5945CAA487CA24E /* CMessageTextTransport.swift */; };
		33123B8305238E73C7E7B43D /* _APIRequestLocation.swift in Sources */ = {isa = PBXBuildFile; fileRef = 45DE1A268B461CE6685B5E67 /* _APIRequestLocation.swift */; };
		33E92D6017CCD95EE51AE04F /* _EMSAgency.swift in Sources */ = {isa = PBXBuildFile; fileRef = ED5D925FC28834F6818C8F87 /* _EMSAgency.swift */; };
		344920AB51EC975E5AB09C50 /* ChatMessageTransport.swift in Sources */ = {isa = PBXBuildFile; fileRef = 7C970AF132C34F2D0263079F /* ChatMessageTransport.swift */; };
		36B053EBCB77F37B7CECD406 /* UserCredential.swift in Sources */ = {isa = PBXBuildFile; fileRef = B404D70B9D7D8C658F1CC7C3 /* UserCredential.swift */; };
		370A0C8B1A9CFDF4EE7766B3 /* APIRequestPushNotificationSerializer.swift in Sources */ = {isa = PBXBuildFile; fileRef = 7A37759A0DD6795D7638091A /* APIRequestPushNotificationSerializer.swift */; };
		37D01DAD3F6853115475D705 /* TagService.swift in Sources */ = {isa = PBXBuildFile; fileRef = AA62F0F04FB509F837FFBA30 /* TagService.swift */; };
		3B387C925497B6B9E44DB8B2 /* APIRequestChatSerializer.swift in Sources */ = {isa = PBXBuildFile; fileRef = 8EBD755AD7C382109B19D6C8 /* APIRequestChatSerializer.swift */; };
		3E1EA48708480F228DF484C4 /* ComplaintSerializer.swift in Sources */ = {isa = PBXBuildFile; fileRef = FF08503019E35090739FA24E /* ComplaintSerializer.swift */; };
		3E7A2E1EFB0C6DA03037AC03 /* ENCase.swift in Sources */ = {isa = PBXBuildFile; fileRef = DF74C703D5C548AA2A265B08 /* ENCase.swift */; };
		3F3580156C0336B012025631 /* APIRequestChatParser.swift in Sources */ = {isa = PBXBuildFile; fileRef = 00F55BCD782F0F59B508426D /* APIRequestChatParser.swift */; };
		3FCE670BCCD8071DE6768D00 /* ENAPIRequest.swift in Sources */ = {isa = PBXBuildFile; fileRef = 1A85A184F867767910EDCCDA /* ENAPIRequest.swift */; };
		42E74BBC55B21752BA543598 /* ENSession.swift in Sources */ = {isa = PBXBuildFile; fileRef = 7B8D9B3B92D0AB096443D619 /* ENSession.swift */; };
		42EE107DBA1AD6570B3B2D2C /* FileParser.swift in Sources */ = {isa = PBXBuildFile; fileRef = 29CB8310B62D3752B51627BA /* FileParser.swift */; };
		44861DA7B28B61BFF1B8AFAA /* CaseQueueSerializer.swift in Sources */ = {isa = PBXBuildFile; fileRef = 0873DA6B1587F5F32E9A1EC7 /* CaseQueueSerializer.swift */; };
		451F4AFDE88ECD123EE75641 /* CaseQueueService.swift in Sources */ = {isa = PBXBuildFile; fileRef = E777AC274E9E1DE30C575FB6 /* CaseQueueService.swift */; };
		48B0BEE084DEB6A6922C0AC5 /* EMSAgency.swift in Sources */ = {isa = PBXBuildFile; fileRef = 037FD053E178CEBE048BED22 /* EMSAgency.swift */; };
		4D9C6A8687FB86AFB9F62C4A /* APIRequestCaseTransport.swift in Sources */ = {isa = PBXBuildFile; fileRef = 92DCD82CA9B202A53CD9A012 /* APIRequestCaseTransport.swift */; };
		4DF58C4F3417CBABFFAB2D31 /* FileSerializer.swift in Sources */ = {isa = PBXBuildFile; fileRef = 6B8B294D68D60D3791DC54BE /* FileSerializer.swift */; };
		5037589B3E44C4BA69DF4F7B /* ComplaintTransport.swift in Sources */ = {isa = PBXBuildFile; fileRef = 8CC8147090C230592E1AC2E8 /* ComplaintTransport.swift */; };
		513708AFBA3402C07CD05F98 /* _ChatMessage.swift in Sources */ = {isa = PBXBuildFile; fileRef = EDDB1D80DE34EF6FF2FBF62F /* _ChatMessage.swift */; };
		5352E6E57C46EF1BEAB38F5F /* ComplaintService.swift in Sources */ = {isa = PBXBuildFile; fileRef = E49D1DC9C559C7D8E25A8D9A /* ComplaintService.swift */; };
		53A4FD5EC106F86481513C8C /* FileTransport.swift in Sources */ = {isa = PBXBuildFile; fileRef = 91E6BFD78FC033E23F5B55E4 /* FileTransport.swift */; };
		5AD8D124ECFB492448623676 /* _User.swift in Sources */ = {isa = PBXBuildFile; fileRef = 97FCC7A24E10C336B5ECB7AD /* _User.swift */; };
		5C1FC28536FEC729AF205A19 /* APIRequestChatTransport.swift in Sources */ = {isa = PBXBuildFile; fileRef = 4199B5194456C925E3F2F7B4 /* APIRequestChatTransport.swift */; };
		5CAD6644F7687B76CD490E97 /* TruckParser.swift in Sources */ = {isa = PBXBuildFile; fileRef = EA686D0CA670C03B91E6E301 /* TruckParser.swift */; };
		6285FBDBA62FB41F5ECA749B /* ENHospital.swift in Sources */ = {isa = PBXBuildFile; fileRef = 5B49B6798B74D75C76C009D7 /* ENHospital.swift */; };
		66D96E5CB4678103489F1390 /* ENUser.swift in Sources */ = {isa = PBXBuildFile; fileRef = CD4DC39A9AA2613D1B3D5B85 /* ENUser.swift */; };
		69FA14B6F1087948F606D503 /* APIRequestParser.swift in Sources */ = {isa = PBXBuildFile; fileRef = 5F658F11478D4F9240247DD2 /* APIRequestParser.swift */; };
		6D078DC4C676D62C9C6BDE36 /* ENFile.swift in Sources */ = {isa = PBXBuildFile; fileRef = 786D9EBAC333F697902E2104 /* ENFile.swift */; };
		6DE8FBC665DB4B491D68B433 /* EMSAgencySerializer.swift in Sources */ = {isa = PBXBuildFile; fileRef = BB7E669BB8085B71246AF9A2 /* EMSAgencySerializer.swift */; };
		6F42341E059EECEFBBD97613 /* HospitalService.swift in Sources */ = {isa = PBXBuildFile; fileRef = 6837DFB6210B44730C738FF7 /* HospitalService.swift */; };
		6FEC356E10303447D2070D6A /* TruckService.swift in Sources */ = {isa = PBXBuildFile; fileRef = BEAA98AD86F406C4C2E314F0 /* TruckService.swift */; };
		73B49829B0F07956CA0A7725 /* EMSAgencyService.swift in Sources */ = {isa = PBXBuildFile; fileRef = 2DB4212B6127327728E60E98 /* EMSAgencyService.swift */; };
		746F4174BBC696D7BCB20C3C /* CMessageTextParser.swift in Sources */ = {isa = PBXBuildFile; fileRef = 1D3802F7285FCEAC0FFCA91B /* CMessageTextParser.swift */; };
		771A73397AE228901E679C88 /* Truck.swift in Sources */ = {isa = PBXBuildFile; fileRef = CEB2017568D90E6071586CF1 /* Truck.swift */; };
		77C873FB5073E978AB37C787 /* Hospital.swift in Sources */ = {isa = PBXBuildFile; fileRef = 14E5863BD9D660659F66410C /* Hospital.swift */; };
		78CFC52AED124ECDE3D8F66B /* APIRequestPushNotificationTransport.swift in Sources */ = {isa = PBXBuildFile; fileRef = 808F99128CF0B663299B46D9 /* APIRequestPushNotificationTransport.swift */; };
		7928CB9C768EAC25735F892B /* _APIRequestChat.swift in Sources */ = {isa = PBXBuildFile; fileRef = 943CC947EF5A31B8568A214B /* _APIRequestChat.swift */; };
		7A07D51D610BBEFECF549D53 /* APIRequestCaseParser.swift in Sources */ = {isa = PBXBuildFile; fileRef = 0B8C659316B6D62B5EF85589 /* APIRequestCaseParser.swift */; };
		7C5F9412FD6938CA48EFE9F6 /* HospitalParser.swift in Sources */ = {isa = PBXBuildFile; fileRef = 487853309A01ECCB6DA45079 /* HospitalParser.swift */; };
		7D7D925D164051E818424AB8 /* UserCredentialParser.swift in Sources */ = {isa = PBXBuildFile; fileRef = 49ABEB600E900EDBFC349B96 /* UserCredentialParser.swift */; };
		7E1384F26AA0B356E0A38C76 /* UserSerializer.swift in Sources */ = {isa = PBXBuildFile; fileRef = 396B5CA4AA333DB86359FDD1 /* UserSerializer.swift */; };
		7E189CD602021E1D6F4AA777 /* User.swift in Sources */ = {isa = PBXBuildFile; fileRef = F2CE7BACBD37DEECD8028A95 /* User.swift */; };
		7EC7E27A4DE8A02D0A2A9E7F /* ObjectSerializer.swift in Sources */ = {isa = PBXBuildFile; fileRef = 1EF6F9334E8DDD6D8635CC51 /* ObjectSerializer.swift */; };
		7F8BBDCFADBA5A35D7109FB6 /* APIRequestPushNotificationService.swift in Sources */ = {isa = PBXBuildFile; fileRef = 0ED874358AC3492071741B16 /* APIRequestPushNotificationService.swift */; };
		8064FD12F99E71F793CFF435 /* ENUserCredential.swift in Sources */ = {isa = PBXBuildFile; fileRef = A362A49C7B16F172320379B3 /* ENUserCredential.swift */; };
		81BD388F9F9B53B386B1F477 /* _Session.swift in Sources */ = {isa = PBXBuildFile; fileRef = 159429E78850D1470A5006EB /* _Session.swift */; };
		8737A849076E59F84EE0AC3D /* APIRequestCase.swift in Sources */ = {isa = PBXBuildFile; fileRef = F07059CE73EB4A2EBC6CE92E /* APIRequestCase.swift */; };
		89072F38B13D1213E9C6A312 /* SessionService.swift in Sources */ = {isa = PBXBuildFile; fileRef = AE29DE4DF9A898D4482885D6 /* SessionService.swift */; };
		893FC916EAED671E9A5A11E2 /* _APIRequestPushNotification.swift in Sources */ = {isa = PBXBuildFile; fileRef = F162F0F8C288B1E390D18170 /* _APIRequestPushNotification.swift */; };
		896E401F87559D1F071DEEC3 /* ENAPIRequestPushNotification.swift in Sources */ = {isa = PBXBuildFile; fileRef = 183B022BAFFB78B778BE3F65 /* ENAPIRequestPushNotification.swift */; };
		89A26E886C67894D061A7144 /* _Complaint.swift in Sources */ = {isa = PBXBuildFile; fileRef = E5B38BF9B75EE79B743E7BB2 /* _Complaint.swift */; };
		8BC36AD7FAA49E2098BAF973 /* APIRequestUploadService.swift in Sources */ = {isa = PBXBuildFile; fileRef = 425773B297D20A106066176F /* APIRequestUploadService.swift */; };
		8C40EA8E19E28708B7653F3A /* UserCredentialTransport.swift in Sources */ = {isa = PBXBuildFile; fileRef = 0E40479C1F72BD813EC59E7F /* UserCredentialTransport.swift */; };
		8C6C05DC7E2A21581B975E4D /* _APIRequest.swift in Sources */ = {isa = PBXBuildFile; fileRef = FE32015CF10286A7FA3460E9 /* _APIRequest.swift */; };
		8CF236588DBE53388770424A /* _Hospital.swift in Sources */ = {isa = PBXBuildFile; fileRef = 2F99EB3AD0BFA0A2703CEC69 /* _Hospital.swift */; };
		8D192D946655076A129DCBE5 /* _CMessageText.swift in Sources */ = {isa = PBXBuildFile; fileRef = AE20EDE02F7F21DDF0DD2A19 /* _CMessageText.swift */; };
		8F7B438872C445A221663D49 /* FileService.swift in Sources */ = {isa = PBXBuildFile; fileRef = A34EDE390A2FC5A15684146C /* FileService.swift */; };
		904F3C09EAF2FD84FCE90D20 /* APIRequestTagTransport.swift in Sources */ = {isa = PBXBuildFile; fileRef = 7F6CD3ABF57A8D130DB3AD8B /* APIRequestTagTransport.swift */; };
		925D2E435D9E4E434C22A916 /* Session.swift in Sources */ = {isa = PBXBuildFile; fileRef = 21FF191C9E6D0FAB11FE9FE5 /* Session.swift */; };
		952DC36F393B9011EEC87DBC /* APIRequestCaseSerializer.swift in Sources */ = {isa = PBXBuildFile; fileRef = 4333A3E7323F46BC9BEC673E /* APIRequestCaseSerializer.swift */; };
		95C6991DF1E2D1E7DC3D2560 /* Pods_Abstract_TestCodegen.framework in Frameworks */ = {isa = PBXBuildFile; fileRef = 18C0EAB9061070DD409F165C /* Pods_Abstract_TestCodegen.framework */; };
		9BC3458F6ACBCDB425097C2A /* ENComplaint.swift in Sources */ = {isa = PBXBuildFile; fileRef = 70684457B68674BB8A214CFD /* ENComplaint.swift */; };
		9EC14979909A3AB4C7751775 /* UserService.swift in Sources */ = {isa = PBXBuildFile; fileRef = F032E21974C3B1F2BED9E8F5 /* UserService.swift */; };
		9EE13DE6F935E1AE054F29F6 /* CaseTransport.swift in Sources */ = {isa = PBXBuildFile; fileRef = C5A503E21713DFF9AB4D3D83 /* CaseTransport.swift */; };
		A0A6162396F7ACCFB3C82184 /* APIRequestLocationService.swift in Sources */ = {isa = PBXBuildFile; fileRef = 38AFF3259156D5A559BA9E67 /* APIRequestLocationService.swift */; };
		A4961C8E1EAF65E8001A8E5A /* Helpers.swift in Sources */ = {isa = PBXBuildFile; fileRef = A4961C8D1EAF65E8001A8E5A /* Helpers.swift */; };
		A4CC1FE91EA9F8C0000A3A81 /* AppDelegate.swift in Sources */ = {isa = PBXBuildFile; fileRef = A4CC1FE81EA9F8C0000A3A81 /* AppDelegate.swift */; };
		A4CC1FEB1EA9F8C0000A3A81 /* ViewController.swift in Sources */ = {isa = PBXBuildFile; fileRef = A4CC1FEA1EA9F8C0000A3A81 /* ViewController.swift */; };
		A4CC1FEE1EA9F8C0000A3A81 /* Main.storyboard in Resources */ = {isa = PBXBuildFile; fileRef = A4CC1FEC1EA9F8C0000A3A81 /* Main.storyboard */; };
		A4CC1FF01EA9F8C0000A3A81 /* Assets.xcassets in Resources */ = {isa = PBXBuildFile; fileRef = A4CC1FEF1EA9F8C0000A3A81 /* Assets.xcassets */; };
		A4CC1FF31EA9F8C0000A3A81 /* LaunchScreen.storyboard in Resources */ = {isa = PBXBuildFile; fileRef = A4CC1FF11EA9F8C0000A3A81 /* LaunchScreen.storyboard */; };
		A4CC1FFE1EA9F8C0000A3A81 /* TestCodegenTests.swift in Sources */ = {isa = PBXBuildFile; fileRef = A4CC1FFD1EA9F8C0000A3A81 /* TestCodegenTests.swift */; };
		A4CC20091EA9F8C0000A3A81 /* TestCodegenUITests.swift in Sources */ = {isa = PBXBuildFile; fileRef = A4CC20081EA9F8C0000A3A81 /* TestCodegenUITests.swift */; };
		AA5FF10383378897C94A5362 /* ENTruck.swift in Sources */ = {isa = PBXBuildFile; fileRef = 3BA5F1CEB9D4E32C1AEA7CD4 /* ENTruck.swift */; };
		AA771490FAE087903A26E913 /* ObjectParser.swift in Sources */ = {isa = PBXBuildFile; fileRef = 0708317C0914709E4DB3F66B /* ObjectParser.swift */; };
		ABE2065893863FF43DFA4614 /* ENChatMessage.swift in Sources */ = {isa = PBXBuildFile; fileRef = 377FD382EF211B24C8D7F38B /* ENChatMessage.swift */; };
		ACC99E31499D731E441EA92E /* APIRequestChat.swift in Sources */ = {isa = PBXBuildFile; fileRef = 6F2264145154BD5E18BB8724 /* APIRequestChat.swift */; };
		ACDF70D1E3E120C96DC6E505 /* Case.swift in Sources */ = {isa = PBXBuildFile; fileRef = D0D7E305DF4AD105D84E58B7 /* Case.swift */; };
		ADF46BF57A4B472C3092046D /* ENAPIRequestCase.swift in Sources */ = {isa = PBXBuildFile; fileRef = 01D297A18D3B1C8339E2D152 /* ENAPIRequestCase.swift */; };
		B1D09ADE89CB18DE4E49D5AF /* ObjectService.swift in Sources */ = {isa = PBXBuildFile; fileRef = 874B6EF7BA186D71091C29FB /* ObjectService.swift */; };
		B2FB61CF29D17DF0CDE7D1D7 /* UserTransport.swift in Sources */ = {isa = PBXBuildFile; fileRef = 7C29DCFAEED856ACF18FF59B /* UserTransport.swift */; };
		B30493FC938CDB44AAED469F /* TruckTransport.swift in Sources */ = {isa = PBXBuildFile; fileRef = 518AA41DA04A65E897B77434 /* TruckTransport.swift */; };
		B37DCAAD87A0D46E858D71F5 /* SessionParser.swift in Sources */ = {isa = PBXBuildFile; fileRef = 30E796C2ECA7836815F810FF /* SessionParser.swift */; };
		B558528E339E399692B37325 /* _Case.swift in Sources */ = {isa = PBXBuildFile; fileRef = 89FC5DECC2C0899529821A62 /* _Case.swift */; };
		B63B4A1AFD2D313E33A45106 /* CaseService.swift in Sources */ = {isa = PBXBuildFile; fileRef = BB484E04A1E6249459BB82F8 /* CaseService.swift */; };
		B691281D84083D13183A21A3 /* CaseSerializer.swift in Sources */ = {isa = PBXBuildFile; fileRef = 9B5E4082DF9CCCA8B77987DF /* CaseSerializer.swift */; };
		BB8A7785CCEB02EC0B578A81 /* UserCredentialSerializer.swift in Sources */ = {isa = PBXBuildFile; fileRef = 81BC274883C4F6C090C2868A /* UserCredentialSerializer.swift */; };
		BC61C3ED605BCD77D725D8DA /* APIRequest.swift in Sources */ = {isa = PBXBuildFile; fileRef = B560D4E71A46D2603B7C7B08 /* APIRequest.swift */; };
		BC98905185037E75C1F1B369 /* ObjectTransport.swift in Sources */ = {isa = PBXBuildFile; fileRef = 8FBAE2031F3D5D71637AF0B3 /* ObjectTransport.swift */; };
		BE362DAD7027D78A75D1C13F /* ENCaseQueue.swift in Sources */ = {isa = PBXBuildFile; fileRef = 52DB91A6C6A5AF25F49005F1 /* ENCaseQueue.swift */; };
		BE7E2F67E91013EED8A34AC1 /* APIRequestSerializer.swift in Sources */ = {isa = PBXBuildFile; fileRef = FF597E15A8D06B5A803A0108 /* APIRequestSerializer.swift */; };
		C5F16B1B637969EC20511304 /* APIRequestTagSerializer.swift in Sources */ = {isa = PBXBuildFile; fileRef = 77869BF83F328F043BA51A41 /* APIRequestTagSerializer.swift */; };
		C9F1A4869CC0A8E9393C58F6 /* APIRequestTag.swift in Sources */ = {isa = PBXBuildFile; fileRef = 17D1F5AE2912DDF6AE725DCC /* APIRequestTag.swift */; };
		CA2D63BA7DE5521BC5EE2368 /* _Tag.swift in Sources */ = {isa = PBXBuildFile; fileRef = 00364E13AA05C0FC6FEB714E /* _Tag.swift */; };
		CA7BDA4DE898791482086C57 /* SessionTransport.swift in Sources */ = {isa = PBXBuildFile; fileRef = 059C8827F3DDB0A299B36083 /* SessionTransport.swift */; };
		CD81819D3905A747452C4610 /* ComplaintParser.swift in Sources */ = {isa = PBXBuildFile; fileRef = F9EB31ED9628E9CE19CD4E43 /* ComplaintParser.swift */; };
		CF73A64436807E6E26D827FC /* APIRequestUploadParser.swift in Sources */ = {isa = PBXBuildFile; fileRef = 6C43A1208CA6AD85A6372D82 /* APIRequestUploadParser.swift */; };
		D0BF8E1A59A8B4C44C258B9A /* APIRequestLocationParser.swift in Sources */ = {isa = PBXBuildFile; fileRef = 043C17BA79959AA065E1ED5F /* APIRequestLocationParser.swift */; };
		D15468FC37F229D506BFBA67 /* APIRequestService.swift in Sources */ = {isa = PBXBuildFile; fileRef = E5A1DB91829C7DB7E632D6D6 /* APIRequestService.swift */; };
		D377395A78BDA5F2094CC9BC /* APIRequestPushNotificationParser.swift in Sources */ = {isa = PBXBuildFile; fileRef = 14B9DF7F7C5BB6324F0FEBF7 /* APIRequestPushNotificationParser.swift */; };
		D5E4C4677F0AC8DCEDFC1FFC /* CMessageTextService.swift in Sources */ = {isa = PBXBuildFile; fileRef = 282E05946D0AD13A602EECFD /* CMessageTextService.swift */; };
		D7D06491F5B9E2D7789B2C3C /* SessionSerializer.swift in Sources */ = {isa = PBXBuildFile; fileRef = 4DCB63F5AAA075EC529A63F8 /* SessionSerializer.swift */; };
		D96F9025A50108A207D1519B /* Tag.swift in Sources */ = {isa = PBXBuildFile; fileRef = 83DC488511931CD89E9C64CB /* Tag.swift */; };
		DAA3E702B04DBDE0EA369CAF /* _UserCredential.swift in Sources */ = {isa = PBXBuildFile; fileRef = 556749A6A5A70CE42248D571 /* _UserCredential.swift */; };
		DB1450800A964995ED1361B6 /* APIRequestChatService.swift in Sources */ = {isa = PBXBuildFile; fileRef = C847723156B67772D8B477B2 /* APIRequestChatService.swift */; };
		DB9D617160BA707ACD593311 /* APIRequestCaseService.swift in Sources */ = {isa = PBXBuildFile; fileRef = 3151E6596015040579EAEADD /* APIRequestCaseService.swift */; };
		DC4D2543F103FFD72D43DFD3 /* ENAPIRequestLocation.swift in Sources */ = {isa = PBXBuildFile; fileRef = DAD177669D74446EC156D0C0 /* ENAPIRequestLocation.swift */; };
		DD80E366BCC299FAF1AFA505 /* HospitalSerializer.swift in Sources */ = {isa = PBXBuildFile; fileRef = 7166AE1C2646274EED147561 /* HospitalSerializer.swift */; };
		DDF450691B721DF4E05B2FED /* APIRequestLocationTransport.swift in Sources */ = {isa = PBXBuildFile; fileRef = F5C2637778EA210E90ABCE3C /* APIRequestLocationTransport.swift */; };
		E62E6CD5B72280671E507933 /* TagSerializer.swift in Sources */ = {isa = PBXBuildFile; fileRef = 3B7508BF0055F40E7A9E7DAB /* TagSerializer.swift */; };
		EB56C78A7EBAAE290C19BE98 /* CMessageTextSerializer.swift in Sources */ = {isa = PBXBuildFile; fileRef = EDD42957DE133ECB3A15D5F3 /* CMessageTextSerializer.swift */; };
		EC7306844AA44473D92014D8 /* APIRequestTransport.swift in Sources */ = {isa = PBXBuildFile; fileRef = CB0AE1D8268BD0A71C145276 /* APIRequestTransport.swift */; };
		EE0C2FB1BDF3F219860A177D /* ENAPIRequestTag.swift in Sources */ = {isa = PBXBuildFile; fileRef = E19EADE088A14A1605C85999 /* ENAPIRequestTag.swift */; };
		EF682538A41AF3A3EF7F89BD /* EMSAgencyParser.swift in Sources */ = {isa = PBXBuildFile; fileRef = 21CB5963795551C49E71DE9D /* EMSAgencyParser.swift */; };
		F078C8DFA849A8BEADCC10B2 /* UserCredentialService.swift in Sources */ = {isa = PBXBuildFile; fileRef = 51206C76A3E8B16CC16349C2 /* UserCredentialService.swift */; };
		F508988F808771BCF4C849EB /* ChatMessageService.swift in Sources */ = {isa = PBXBuildFile; fileRef = FB4C91F14FE87DED905D2C8C /* ChatMessageService.swift */; };
		F5243DA7E72D3CFA628A64D3 /* CaseQueue.swift in Sources */ = {isa = PBXBuildFile; fileRef = CF953E28EBFC74F18A5D0C1D /* CaseQueue.swift */; };
		F58A5E7CC3283B2D2098B5BD /* Object.swift in Sources */ = {isa = PBXBuildFile; fileRef = 1AC5999B7294C72FC5ABE132 /* Object.swift */; };
		F8511737B06BB6F2AFAF194E /* CaseQueueParser.swift in Sources */ = {isa = PBXBuildFile; fileRef = 83F2BB0B17724161BB0F30DA /* CaseQueueParser.swift */; };
		F9EAFA5629D6D324DBB45880 /* APIRequestPushNotification.swift in Sources */ = {isa = PBXBuildFile; fileRef = 33975FF1999FBDD823322E0D /* APIRequestPushNotification.swift */; };
		FAA173DD446C33BB7EB5DEE0 /* CMessageText.swift in Sources */ = {isa = PBXBuildFile; fileRef = 32CF0A39B43E2F115BC88F2D /* CMessageText.swift */; };
		FB029B4D371A2776DC42773B /* TagTransport.swift in Sources */ = {isa = PBXBuildFile; fileRef = DB495CD76D06D5F7CFC08214 /* TagTransport.swift */; };
		FB8030246FD3EC4ECBFF9016 /* CaseQueueTransport.swift in Sources */ = {isa = PBXBuildFile; fileRef = DC40F1C0A1A66AC1C993834F /* CaseQueueTransport.swift */; };
		FCBBB30104B99CBE45C1BB8D /* APIRequestUploadTransport.swift in Sources */ = {isa = PBXBuildFile; fileRef = 5F03DCE49F4D3AF4345A6497 /* APIRequestUploadTransport.swift */; };
/* End PBXBuildFile section */

/* Begin PBXContainerItemProxy section */
		A4CC1FFA1EA9F8C0000A3A81 /* PBXContainerItemProxy */ = {
			isa = PBXContainerItemProxy;
			containerPortal = A4CC1FDD1EA9F8C0000A3A81 /* Project object */;
			proxyType = 1;
			remoteGlobalIDString = A4CC1FE41EA9F8C0000A3A81;
			remoteInfo = TestCodegen;
		};
		A4CC20051EA9F8C0000A3A81 /* PBXContainerItemProxy */ = {
			isa = PBXContainerItemProxy;
			containerPortal = A4CC1FDD1EA9F8C0000A3A81 /* Project object */;
			proxyType = 1;
			remoteGlobalIDString = A4CC1FE41EA9F8C0000A3A81;
			remoteInfo = TestCodegen;
		};
/* End PBXContainerItemProxy section */

/* Begin PBXFileReference section */
		00364E13AA05C0FC6FEB714E /* _Tag.swift */ = {isa = PBXFileReference; includeInIndex = 1; lastKnownFileType = sourcecode.swift; path = _Tag.swift; sourceTree = "<group>"; };
		00F55BCD782F0F59B508426D /* APIRequestChatParser.swift */ = {isa = PBXFileReference; includeInIndex = 1; lastKnownFileType = sourcecode.swift; path = APIRequestChatParser.swift; sourceTree = "<group>"; };
		01D297A18D3B1C8339E2D152 /* ENAPIRequestCase.swift */ = {isa = PBXFileReference; includeInIndex = 1; lastKnownFileType = sourcecode.swift; path = ENAPIRequestCase.swift; sourceTree = "<group>"; };
		02F49344635769F0C0E78B50 /* ENTag.swift */ = {isa = PBXFileReference; includeInIndex = 1; lastKnownFileType = sourcecode.swift; path = ENTag.swift; sourceTree = "<group>"; };
		037FD053E178CEBE048BED22 /* EMSAgency.swift */ = {isa = PBXFileReference; includeInIndex = 1; lastKnownFileType = sourcecode.swift; path = EMSAgency.swift; sourceTree = "<group>"; };
		043C17BA79959AA065E1ED5F /* APIRequestLocationParser.swift */ = {isa = PBXFileReference; includeInIndex = 1; lastKnownFileType = sourcecode.swift; path = APIRequestLocationParser.swift; sourceTree = "<group>"; };
		059C8827F3DDB0A299B36083 /* SessionTransport.swift */ = {isa = PBXFileReference; includeInIndex = 1; lastKnownFileType = sourcecode.swift; path = SessionTransport.swift; sourceTree = "<group>"; };
		0708317C0914709E4DB3F66B /* ObjectParser.swift */ = {isa = PBXFileReference; includeInIndex = 1; lastKnownFileType = sourcecode.swift; path = ObjectParser.swift; sourceTree = "<group>"; };
		0873DA6B1587F5F32E9A1EC7 /* CaseQueueSerializer.swift */ = {isa = PBXFileReference; includeInIndex = 1; lastKnownFileType = sourcecode.swift; path = CaseQueueSerializer.swift; sourceTree = "<group>"; };
		0B8C659316B6D62B5EF85589 /* APIRequestCaseParser.swift */ = {isa = PBXFileReference; includeInIndex = 1; lastKnownFileType = sourcecode.swift; path = APIRequestCaseParser.swift; sourceTree = "<group>"; };
		0D48BFA113479B1DAA7284A9 /* File.swift */ = {isa = PBXFileReference; includeInIndex = 1; lastKnownFileType = sourcecode.swift; path = File.swift; sourceTree = "<group>"; };
		0E40479C1F72BD813EC59E7F /* UserCredentialTransport.swift */ = {isa = PBXFileReference; includeInIndex = 1; lastKnownFileType = sourcecode.swift; path = UserCredentialTransport.swift; sourceTree = "<group>"; };
		0ED874358AC3492071741B16 /* APIRequestPushNotificationService.swift */ = {isa = PBXFileReference; includeInIndex = 1; lastKnownFileType = sourcecode.swift; path = APIRequestPushNotificationService.swift; sourceTree = "<group>"; };
		14B9DF7F7C5BB6324F0FEBF7 /* APIRequestPushNotificationParser.swift */ = {isa = PBXFileReference; includeInIndex = 1; lastKnownFileType = sourcecode.swift; path = APIRequestPushNotificationParser.swift; sourceTree = "<group>"; };
		14E5863BD9D660659F66410C /* Hospital.swift */ = {isa = PBXFileReference; includeInIndex = 1; lastKnownFileType = sourcecode.swift; path = Hospital.swift; sourceTree = "<group>"; };
		159429E78850D1470A5006EB /* _Session.swift */ = {isa = PBXFileReference; includeInIndex = 1; lastKnownFileType = sourcecode.swift; path = _Session.swift; sourceTree = "<group>"; };
		17D1F5AE2912DDF6AE725DCC /* APIRequestTag.swift */ = {isa = PBXFileReference; includeInIndex = 1; lastKnownFileType = sourcecode.swift; path = APIRequestTag.swift; sourceTree = "<group>"; };
		183B022BAFFB78B778BE3F65 /* ENAPIRequestPushNotification.swift */ = {isa = PBXFileReference; includeInIndex = 1; lastKnownFileType = sourcecode.swift; path = ENAPIRequestPushNotification.swift; sourceTree = "<group>"; };
		18C0EAB9061070DD409F165C /* Pods_Abstract_TestCodegen.framework */ = {isa = PBXFileReference; explicitFileType = wrapper.framework; includeInIndex = 0; path = Pods_Abstract_TestCodegen.framework; sourceTree = BUILT_PRODUCTS_DIR; };
		1A85A184F867767910EDCCDA /* ENAPIRequest.swift */ = {isa = PBXFileReference; includeInIndex = 1; lastKnownFileType = sourcecode.swift; path = ENAPIRequest.swift; sourceTree = "<group>"; };
		1AC5999B7294C72FC5ABE132 /* Object.swift */ = {isa = PBXFileReference; includeInIndex = 1; lastKnownFileType = sourcecode.swift; path = Object.swift; sourceTree = "<group>"; };
		1B100E69C85FF0705F38406F /* _CaseQueue.swift */ = {isa = PBXFileReference; includeInIndex = 1; lastKnownFileType = sourcecode.swift; path = _CaseQueue.swift; sourceTree = "<group>"; };
		1D3802F7285FCEAC0FFCA91B /* CMessageTextParser.swift */ = {isa = PBXFileReference; includeInIndex = 1; lastKnownFileType = sourcecode.swift; path = CMessageTextParser.swift; sourceTree = "<group>"; };
		1EF6F9334E8DDD6D8635CC51 /* ObjectSerializer.swift */ = {isa = PBXFileReference; includeInIndex = 1; lastKnownFileType = sourcecode.swift; path = ObjectSerializer.swift; sourceTree = "<group>"; };
		21CB5963795551C49E71DE9D /* EMSAgencyParser.swift */ = {isa = PBXFileReference; includeInIndex = 1; lastKnownFileType = sourcecode.swift; path = EMSAgencyParser.swift; sourceTree = "<group>"; };
		21FF191C9E6D0FAB11FE9FE5 /* Session.swift */ = {isa = PBXFileReference; includeInIndex = 1; lastKnownFileType = sourcecode.swift; path = Session.swift; sourceTree = "<group>"; };
		282E05946D0AD13A602EECFD /* CMessageTextService.swift */ = {isa = PBXFileReference; includeInIndex = 1; lastKnownFileType = sourcecode.swift; path = CMessageTextService.swift; sourceTree = "<group>"; };
		29CB8310B62D3752B51627BA /* FileParser.swift */ = {isa = PBXFileReference; includeInIndex = 1; lastKnownFileType = sourcecode.swift; path = FileParser.swift; sourceTree = "<group>"; };
		2BD6B0FEC03FEE5CEBBEEA4C /* APIRequestLocationSerializer.swift */ = {isa = PBXFileReference; includeInIndex = 1; lastKnownFileType = sourcecode.swift; path = APIRequestLocationSerializer.swift; sourceTree = "<group>"; };
		2DB4212B6127327728E60E98 /* EMSAgencyService.swift */ = {isa = PBXFileReference; includeInIndex = 1; lastKnownFileType = sourcecode.swift; path = EMSAgencyService.swift; sourceTree = "<group>"; };
		2F99EB3AD0BFA0A2703CEC69 /* _Hospital.swift */ = {isa = PBXFileReference; includeInIndex = 1; lastKnownFileType = sourcecode.swift; path = _Hospital.swift; sourceTree = "<group>"; };
		30E796C2ECA7836815F810FF /* SessionParser.swift */ = {isa = PBXFileReference; includeInIndex = 1; lastKnownFileType = sourcecode.swift; path = SessionParser.swift; sourceTree = "<group>"; };
		3151E6596015040579EAEADD /* APIRequestCaseService.swift */ = {isa = PBXFileReference; includeInIndex = 1; lastKnownFileType = sourcecode.swift; path = APIRequestCaseService.swift; sourceTree = "<group>"; };
		32CF0A39B43E2F115BC88F2D /* CMessageText.swift */ = {isa = PBXFileReference; includeInIndex = 1; lastKnownFileType = sourcecode.swift; path = CMessageText.swift; sourceTree = "<group>"; };
		33975FF1999FBDD823322E0D /* APIRequestPushNotification.swift */ = {isa = PBXFileReference; includeInIndex = 1; lastKnownFileType = sourcecode.swift; path = APIRequestPushNotification.swift; sourceTree = "<group>"; };
		377FD382EF211B24C8D7F38B /* ENChatMessage.swift */ = {isa = PBXFileReference; includeInIndex = 1; lastKnownFileType = sourcecode.swift; path = ENChatMessage.swift; sourceTree = "<group>"; };
		38AFF3259156D5A559BA9E67 /* APIRequestLocationService.swift */ = {isa = PBXFileReference; includeInIndex = 1; lastKnownFileType = sourcecode.swift; path = APIRequestLocationService.swift; sourceTree = "<group>"; };
		396B5CA4AA333DB86359FDD1 /* UserSerializer.swift */ = {isa = PBXFileReference; includeInIndex = 1; lastKnownFileType = sourcecode.swift; path = UserSerializer.swift; sourceTree = "<group>"; };
		3B7508BF0055F40E7A9E7DAB /* TagSerializer.swift */ = {isa = PBXFileReference; includeInIndex = 1; lastKnownFileType = sourcecode.swift; path = TagSerializer.swift; sourceTree = "<group>"; };
		3BA5F1CEB9D4E32C1AEA7CD4 /* ENTruck.swift */ = {isa = PBXFileReference; includeInIndex = 1; lastKnownFileType = sourcecode.swift; path = ENTruck.swift; sourceTree = "<group>"; };
		3DBBFD4670F58D3515B2AC18 /* Complaint.swift */ = {isa = PBXFileReference; includeInIndex = 1; lastKnownFileType = sourcecode.swift; path = Complaint.swift; sourceTree = "<group>"; };
		4199B5194456C925E3F2F7B4 /* APIRequestChatTransport.swift */ = {isa = PBXFileReference; includeInIndex = 1; lastKnownFileType = sourcecode.swift; path = APIRequestChatTransport.swift; sourceTree = "<group>"; };
		425773B297D20A106066176F /* APIRequestUploadService.swift */ = {isa = PBXFileReference; includeInIndex = 1; lastKnownFileType = sourcecode.swift; path = APIRequestUploadService.swift; sourceTree = "<group>"; };
		4333A3E7323F46BC9BEC673E /* APIRequestCaseSerializer.swift */ = {isa = PBXFileReference; includeInIndex = 1; lastKnownFileType = sourcecode.swift; path = APIRequestCaseSerializer.swift; sourceTree = "<group>"; };
		4427890B3647E411FA65AD32 /* TruckSerializer.swift */ = {isa = PBXFileReference; includeInIndex = 1; lastKnownFileType = sourcecode.swift; path = TruckSerializer.swift; sourceTree = "<group>"; };
		45DE1A268B461CE6685B5E67 /* _APIRequestLocation.swift */ = {isa = PBXFileReference; includeInIndex = 1; lastKnownFileType = sourcecode.swift; path = _APIRequestLocation.swift; sourceTree = "<group>"; };
		487853309A01ECCB6DA45079 /* HospitalParser.swift */ = {isa = PBXFileReference; includeInIndex = 1; lastKnownFileType = sourcecode.swift; path = HospitalParser.swift; sourceTree = "<group>"; };
		49ABEB600E900EDBFC349B96 /* UserCredentialParser.swift */ = {isa = PBXFileReference; includeInIndex = 1; lastKnownFileType = sourcecode.swift; path = UserCredentialParser.swift; sourceTree = "<group>"; };
		4DCB63F5AAA075EC529A63F8 /* SessionSerializer.swift */ = {isa = PBXFileReference; includeInIndex = 1; lastKnownFileType = sourcecode.swift; path = SessionSerializer.swift; sourceTree = "<group>"; };
		51206C76A3E8B16CC16349C2 /* UserCredentialService.swift */ = {isa = PBXFileReference; includeInIndex = 1; lastKnownFileType = sourcecode.swift; path = UserCredentialService.swift; sourceTree = "<group>"; };
		518AA41DA04A65E897B77434 /* TruckTransport.swift */ = {isa = PBXFileReference; includeInIndex = 1; lastKnownFileType = sourcecode.swift; path = TruckTransport.swift; sourceTree = "<group>"; };
		52DB91A6C6A5AF25F49005F1 /* ENCaseQueue.swift */ = {isa = PBXFileReference; includeInIndex = 1; lastKnownFileType = sourcecode.swift; path = ENCaseQueue.swift; sourceTree = "<group>"; };
		556749A6A5A70CE42248D571 /* _UserCredential.swift */ = {isa = PBXFileReference; includeInIndex = 1; lastKnownFileType = sourcecode.swift; path = _UserCredential.swift; sourceTree = "<group>"; };
		5B49B6798B74D75C76C009D7 /* ENHospital.swift */ = {isa = PBXFileReference; includeInIndex = 1; lastKnownFileType = sourcecode.swift; path = ENHospital.swift; sourceTree = "<group>"; };
		5F03DCE49F4D3AF4345A6497 /* APIRequestUploadTransport.swift */ = {isa = PBXFileReference; includeInIndex = 1; lastKnownFileType = sourcecode.swift; path = APIRequestUploadTransport.swift; sourceTree = "<group>"; };
		5F658F11478D4F9240247DD2 /* APIRequestParser.swift */ = {isa = PBXFileReference; includeInIndex = 1; lastKnownFileType = sourcecode.swift; path = APIRequestParser.swift; sourceTree = "<group>"; };
		656D64DDDDED784038E0F71A /* _Object.swift */ = {isa = PBXFileReference; includeInIndex = 1; lastKnownFileType = sourcecode.swift; path = _Object.swift; sourceTree = "<group>"; };
		6837DFB6210B44730C738FF7 /* HospitalService.swift */ = {isa = PBXFileReference; includeInIndex = 1; lastKnownFileType = sourcecode.swift; path = HospitalService.swift; sourceTree = "<group>"; };
		6B8B294D68D60D3791DC54BE /* FileSerializer.swift */ = {isa = PBXFileReference; includeInIndex = 1; lastKnownFileType = sourcecode.swift; path = FileSerializer.swift; sourceTree = "<group>"; };
		6C43A1208CA6AD85A6372D82 /* APIRequestUploadParser.swift */ = {isa = PBXFileReference; includeInIndex = 1; lastKnownFileType = sourcecode.swift; path = APIRequestUploadParser.swift; sourceTree = "<group>"; };
		6CDF6D69CD319E1F903A1A03 /* Pods-Abstract-TestCodegen.release.xcconfig */ = {isa = PBXFileReference; includeInIndex = 1; lastKnownFileType = text.xcconfig; name = "Pods-Abstract-TestCodegen.release.xcconfig"; path = "Pods/Target Support Files/Pods-Abstract-TestCodegen/Pods-Abstract-TestCodegen.release.xcconfig"; sourceTree = "<group>"; };
		6E9274BB7004D09E5AB53E4F /* APIRequestLocation.swift */ = {isa = PBXFileReference; includeInIndex = 1; lastKnownFileType = sourcecode.swift; path = APIRequestLocation.swift; sourceTree = "<group>"; };
		6F2264145154BD5E18BB8724 /* APIRequestChat.swift */ = {isa = PBXFileReference; includeInIndex = 1; lastKnownFileType = sourcecode.swift; path = APIRequestChat.swift; sourceTree = "<group>"; };
		70684457B68674BB8A214CFD /* ENComplaint.swift */ = {isa = PBXFileReference; includeInIndex = 1; lastKnownFileType = sourcecode.swift; path = ENComplaint.swift; sourceTree = "<group>"; };
		7166AE1C2646274EED147561 /* HospitalSerializer.swift */ = {isa = PBXFileReference; includeInIndex = 1; lastKnownFileType = sourcecode.swift; path = HospitalSerializer.swift; sourceTree = "<group>"; };
		77869BF83F328F043BA51A41 /* APIRequestTagSerializer.swift */ = {isa = PBXFileReference; includeInIndex = 1; lastKnownFileType = sourcecode.swift; path = APIRequestTagSerializer.swift; sourceTree = "<group>"; };
		786D9EBAC333F697902E2104 /* ENFile.swift */ = {isa = PBXFileReference; includeInIndex = 1; lastKnownFileType = sourcecode.swift; path = ENFile.swift; sourceTree = "<group>"; };
		7A37759A0DD6795D7638091A /* APIRequestPushNotificationSerializer.swift */ = {isa = PBXFileReference; includeInIndex = 1; lastKnownFileType = sourcecode.swift; path = APIRequestPushNotificationSerializer.swift; sourceTree = "<group>"; };
		7B8D9B3B92D0AB096443D619 /* ENSession.swift */ = {isa = PBXFileReference; includeInIndex = 1; lastKnownFileType = sourcecode.swift; path = ENSession.swift; sourceTree = "<group>"; };
		7C29DCFAEED856ACF18FF59B /* UserTransport.swift */ = {isa = PBXFileReference; includeInIndex = 1; lastKnownFileType = sourcecode.swift; path = UserTransport.swift; sourceTree = "<group>"; };
		7C970AF132C34F2D0263079F /* ChatMessageTransport.swift */ = {isa = PBXFileReference; includeInIndex = 1; lastKnownFileType = sourcecode.swift; path = ChatMessageTransport.swift; sourceTree = "<group>"; };
		7DF325462FEC2B5D68CAD6A3 /* UserParser.swift */ = {isa = PBXFileReference; includeInIndex = 1; lastKnownFileType = sourcecode.swift; path = UserParser.swift; sourceTree = "<group>"; };
		7F6CD3ABF57A8D130DB3AD8B /* APIRequestTagTransport.swift */ = {isa = PBXFileReference; includeInIndex = 1; lastKnownFileType = sourcecode.swift; path = APIRequestTagTransport.swift; sourceTree = "<group>"; };
		808F99128CF0B663299B46D9 /* APIRequestPushNotificationTransport.swift */ = {isa = PBXFileReference; includeInIndex = 1; lastKnownFileType = sourcecode.swift; path = APIRequestPushNotificationTransport.swift; sourceTree = "<group>"; };
		81BC274883C4F6C090C2868A /* UserCredentialSerializer.swift */ = {isa = PBXFileReference; includeInIndex = 1; lastKnownFileType = sourcecode.swift; path = UserCredentialSerializer.swift; sourceTree = "<group>"; };
		83DC488511931CD89E9C64CB /* Tag.swift */ = {isa = PBXFileReference; includeInIndex = 1; lastKnownFileType = sourcecode.swift; path = Tag.swift; sourceTree = "<group>"; };
		83F2BB0B17724161BB0F30DA /* CaseQueueParser.swift */ = {isa = PBXFileReference; includeInIndex = 1; lastKnownFileType = sourcecode.swift; path = CaseQueueParser.swift; sourceTree = "<group>"; };
		874B6EF7BA186D71091C29FB /* ObjectService.swift */ = {isa = PBXFileReference; includeInIndex = 1; lastKnownFileType = sourcecode.swift; path = ObjectService.swift; sourceTree = "<group>"; };
		89FC5DECC2C0899529821A62 /* _Case.swift */ = {isa = PBXFileReference; includeInIndex = 1; lastKnownFileType = sourcecode.swift; path = _Case.swift; sourceTree = "<group>"; };
		8CC8147090C230592E1AC2E8 /* ComplaintTransport.swift */ = {isa = PBXFileReference; includeInIndex = 1; lastKnownFileType = sourcecode.swift; path = ComplaintTransport.swift; sourceTree = "<group>"; };
		8EBD755AD7C382109B19D6C8 /* APIRequestChatSerializer.swift */ = {isa = PBXFileReference; includeInIndex = 1; lastKnownFileType = sourcecode.swift; path = APIRequestChatSerializer.swift; sourceTree = "<group>"; };
		8FBAE2031F3D5D71637AF0B3 /* ObjectTransport.swift */ = {isa = PBXFileReference; includeInIndex = 1; lastKnownFileType = sourcecode.swift; path = ObjectTransport.swift; sourceTree = "<group>"; };
		90C3B7CF8E3774D25AF283A2 /* TagParser.swift */ = {isa = PBXFileReference; includeInIndex = 1; lastKnownFileType = sourcecode.swift; path = TagParser.swift; sourceTree = "<group>"; };
		91E6BFD78FC033E23F5B55E4 /* FileTransport.swift */ = {isa = PBXFileReference; includeInIndex = 1; lastKnownFileType = sourcecode.swift; path = FileTransport.swift; sourceTree = "<group>"; };
		92DCD82CA9B202A53CD9A012 /* APIRequestCaseTransport.swift */ = {isa = PBXFileReference; includeInIndex = 1; lastKnownFileType = sourcecode.swift; path = APIRequestCaseTransport.swift; sourceTree = "<group>"; };
		943CC947EF5A31B8568A214B /* _APIRequestChat.swift */ = {isa = PBXFileReference; includeInIndex = 1; lastKnownFileType = sourcecode.swift; path = _APIRequestChat.swift; sourceTree = "<group>"; };
		965348E9A10EE08350D0BCA1 /* HospitalTransport.swift */ = {isa = PBXFileReference; includeInIndex = 1; lastKnownFileType = sourcecode.swift; path = HospitalTransport.swift; sourceTree = "<group>"; };
		97FCC7A24E10C336B5ECB7AD /* _User.swift */ = {isa = PBXFileReference; includeInIndex = 1; lastKnownFileType = sourcecode.swift; path = _User.swift; sourceTree = "<group>"; };
		9B5E4082DF9CCCA8B77987DF /* CaseSerializer.swift */ = {isa = PBXFileReference; includeInIndex = 1; lastKnownFileType = sourcecode.swift; path = CaseSerializer.swift; sourceTree = "<group>"; };
		9D0C81EE21759A0EC7EE2C27 /* ChatMessageSerializer.swift */ = {isa = PBXFileReference; includeInIndex = 1; lastKnownFileType = sourcecode.swift; path = ChatMessageSerializer.swift; sourceTree = "<group>"; };
		A34EDE390A2FC5A15684146C /* FileService.swift */ = {isa = PBXFileReference; includeInIndex = 1; lastKnownFileType = sourcecode.swift; path = FileService.swift; sourceTree = "<group>"; };
		A362A49C7B16F172320379B3 /* ENUserCredential.swift */ = {isa = PBXFileReference; includeInIndex = 1; lastKnownFileType = sourcecode.swift; path = ENUserCredential.swift; sourceTree = "<group>"; };
		A3B643D47B7FE5B34D5F5D60 /* ENAPIRequestUpload.swift */ = {isa = PBXFileReference; includeInIndex = 1; lastKnownFileType = sourcecode.swift; path = ENAPIRequestUpload.swift; sourceTree = "<group>"; };
		A4961C8D1EAF65E8001A8E5A /* Helpers.swift */ = {isa = PBXFileReference; fileEncoding = 4; lastKnownFileType = sourcecode.swift; path = Helpers.swift; sourceTree = "<group>"; };
		A4CC1FE51EA9F8C0000A3A81 /* TestCodegen.app */ = {isa = PBXFileReference; explicitFileType = wrapper.application; includeInIndex = 0; path = TestCodegen.app; sourceTree = BUILT_PRODUCTS_DIR; };
		A4CC1FE81EA9F8C0000A3A81 /* AppDelegate.swift */ = {isa = PBXFileReference; lastKnownFileType = sourcecode.swift; path = AppDelegate.swift; sourceTree = "<group>"; };
		A4CC1FEA1EA9F8C0000A3A81 /* ViewController.swift */ = {isa = PBXFileReference; lastKnownFileType = sourcecode.swift; path = ViewController.swift; sourceTree = "<group>"; };
		A4CC1FED1EA9F8C0000A3A81 /* Base */ = {isa = PBXFileReference; lastKnownFileType = file.storyboard; name = Base; path = Base.lproj/Main.storyboard; sourceTree = "<group>"; };
		A4CC1FEF1EA9F8C0000A3A81 /* Assets.xcassets */ = {isa = PBXFileReference; lastKnownFileType = folder.assetcatalog; path = Assets.xcassets; sourceTree = "<group>"; };
		A4CC1FF21EA9F8C0000A3A81 /* Base */ = {isa = PBXFileReference; lastKnownFileType = file.storyboard; name = Base; path = Base.lproj/LaunchScreen.storyboard; sourceTree = "<group>"; };
		A4CC1FF41EA9F8C0000A3A81 /* Info.plist */ = {isa = PBXFileReference; lastKnownFileType = text.plist.xml; path = Info.plist; sourceTree = "<group>"; };
		A4CC1FF91EA9F8C0000A3A81 /* TestCodegenTests.xctest */ = {isa = PBXFileReference; explicitFileType = wrapper.cfbundle; includeInIndex = 0; path = TestCodegenTests.xctest; sourceTree = BUILT_PRODUCTS_DIR; };
		A4CC1FFD1EA9F8C0000A3A81 /* TestCodegenTests.swift */ = {isa = PBXFileReference; lastKnownFileType = sourcecode.swift; path = TestCodegenTests.swift; sourceTree = "<group>"; };
		A4CC1FFF1EA9F8C0000A3A81 /* Info.plist */ = {isa = PBXFileReference; lastKnownFileType = text.plist.xml; path = Info.plist; sourceTree = "<group>"; };
		A4CC20041EA9F8C0000A3A81 /* TestCodegenUITests.xctest */ = {isa = PBXFileReference; explicitFileType = wrapper.cfbundle; includeInIndex = 0; path = TestCodegenUITests.xctest; sourceTree = BUILT_PRODUCTS_DIR; };
		A4CC20081EA9F8C0000A3A81 /* TestCodegenUITests.swift */ = {isa = PBXFileReference; lastKnownFileType = sourcecode.swift; path = TestCodegenUITests.swift; sourceTree = "<group>"; };
		A4CC200A1EA9F8C0000A3A81 /* Info.plist */ = {isa = PBXFileReference; lastKnownFileType = text.plist.xml; path = Info.plist; sourceTree = "<group>"; };
		A541D264D5945CAA487CA24E /* CMessageTextTransport.swift */ = {isa = PBXFileReference; includeInIndex = 1; lastKnownFileType = sourcecode.swift; path = CMessageTextTransport.swift; sourceTree = "<group>"; };
		A5ED941CAEBEA6BFB2C3DE38 /* ChatMessageParser.swift */ = {isa = PBXFileReference; includeInIndex = 1; lastKnownFileType = sourcecode.swift; path = ChatMessageParser.swift; sourceTree = "<group>"; };
		A848DAC10BB46FFE7580DB4C /* APIRequestUploadSerializer.swift */ = {isa = PBXFileReference; includeInIndex = 1; lastKnownFileType = sourcecode.swift; path = APIRequestUploadSerializer.swift; sourceTree = "<group>"; };
		AA62F0F04FB509F837FFBA30 /* TagService.swift */ = {isa = PBXFileReference; includeInIndex = 1; lastKnownFileType = sourcecode.swift; path = TagService.swift; sourceTree = "<group>"; };
		AC642A2C78FAE0BD821BB2EC /* _APIRequestTag.swift */ = {isa = PBXFileReference; includeInIndex = 1; lastKnownFileType = sourcecode.swift; path = _APIRequestTag.swift; sourceTree = "<group>"; };
		AE20EDE02F7F21DDF0DD2A19 /* _CMessageText.swift */ = {isa = PBXFileReference; includeInIndex = 1; lastKnownFileType = sourcecode.swift; path = _CMessageText.swift; sourceTree = "<group>"; };
		AE29DE4DF9A898D4482885D6 /* SessionService.swift */ = {isa = PBXFileReference; includeInIndex = 1; lastKnownFileType = sourcecode.swift; path = SessionService.swift; sourceTree = "<group>"; };
		AECE16289649A0C108A9E54E /* _Truck.swift */ = {isa = PBXFileReference; includeInIndex = 1; lastKnownFileType = sourcecode.swift; path = _Truck.swift; sourceTree = "<group>"; };
		B34E6EDC114F536FC046D671 /* APIRequestTagService.swift */ = {isa = PBXFileReference; includeInIndex = 1; lastKnownFileType = sourcecode.swift; path = APIRequestTagService.swift; sourceTree = "<group>"; };
		B404D70B9D7D8C658F1CC7C3 /* UserCredential.swift */ = {isa = PBXFileReference; includeInIndex = 1; lastKnownFileType = sourcecode.swift; path = UserCredential.swift; sourceTree = "<group>"; };
		B560D4E71A46D2603B7C7B08 /* APIRequest.swift */ = {isa = PBXFileReference; includeInIndex = 1; lastKnownFileType = sourcecode.swift; path = APIRequest.swift; sourceTree = "<group>"; };
		B5802D70C58FDFF47331A271 /* _File.swift */ = {isa = PBXFileReference; includeInIndex = 1; lastKnownFileType = sourcecode.swift; path = _File.swift; sourceTree = "<group>"; };
		BB2FCCF4B73FE628379B379E /* APIRequestUpload.swift */ = {isa = PBXFileReference; includeInIndex = 1; lastKnownFileType = sourcecode.swift; path = APIRequestUpload.swift; sourceTree = "<group>"; };
		BB484E04A1E6249459BB82F8 /* CaseService.swift */ = {isa = PBXFileReference; includeInIndex = 1; lastKnownFileType = sourcecode.swift; path = CaseService.swift; sourceTree = "<group>"; };
		BB7E669BB8085B71246AF9A2 /* EMSAgencySerializer.swift */ = {isa = PBXFileReference; includeInIndex = 1; lastKnownFileType = sourcecode.swift; path = EMSAgencySerializer.swift; sourceTree = "<group>"; };
		BEAA98AD86F406C4C2E314F0 /* TruckService.swift */ = {isa = PBXFileReference; includeInIndex = 1; lastKnownFileType = sourcecode.swift; path = TruckService.swift; sourceTree = "<group>"; };
		C2E7D0617B252A7023BA55C1 /* ENAPIRequestChat.swift */ = {isa = PBXFileReference; includeInIndex = 1; lastKnownFileType = sourcecode.swift; path = ENAPIRequestChat.swift; sourceTree = "<group>"; };
		C5A503E21713DFF9AB4D3D83 /* CaseTransport.swift */ = {isa = PBXFileReference; includeInIndex = 1; lastKnownFileType = sourcecode.swift; path = CaseTransport.swift; sourceTree = "<group>"; };
		C643ADAB962B5DB4A8AFF82F /* EMSAgencyTransport.swift */ = {isa = PBXFileReference; includeInIndex = 1; lastKnownFileType = sourcecode.swift; path = EMSAgencyTransport.swift; sourceTree = "<group>"; };
		C847723156B67772D8B477B2 /* APIRequestChatService.swift */ = {isa = PBXFileReference; includeInIndex = 1; lastKnownFileType = sourcecode.swift; path = APIRequestChatService.swift; sourceTree = "<group>"; };
		CB0AE1D8268BD0A71C145276 /* APIRequestTransport.swift */ = {isa = PBXFileReference; includeInIndex = 1; lastKnownFileType = sourcecode.swift; path = APIRequestTransport.swift; sourceTree = "<group>"; };
		CD4DC39A9AA2613D1B3D5B85 /* ENUser.swift */ = {isa = PBXFileReference; includeInIndex = 1; lastKnownFileType = sourcecode.swift; path = ENUser.swift; sourceTree = "<group>"; };
		CEB2017568D90E6071586CF1 /* Truck.swift */ = {isa = PBXFileReference; includeInIndex = 1; lastKnownFileType = sourcecode.swift; path = Truck.swift; sourceTree = "<group>"; };
		CF953E28EBFC74F18A5D0C1D /* CaseQueue.swift */ = {isa = PBXFileReference; includeInIndex = 1; lastKnownFileType = sourcecode.swift; path = CaseQueue.swift; sourceTree = "<group>"; };
		D0D7E305DF4AD105D84E58B7 /* Case.swift */ = {isa = PBXFileReference; includeInIndex = 1; lastKnownFileType = sourcecode.swift; path = Case.swift; sourceTree = "<group>"; };
		D17899EB0EE7DE228ECC45FD /* CaseParser.swift */ = {isa = PBXFileReference; includeInIndex = 1; lastKnownFileType = sourcecode.swift; path = CaseParser.swift; sourceTree = "<group>"; };
		DA3F40EC8DB4BD50DFA4DDE5 /* APIRequestTagParser.swift */ = {isa = PBXFileReference; includeInIndex = 1; lastKnownFileType = sourcecode.swift; path = APIRequestTagParser.swift; sourceTree = "<group>"; };
		DAD177669D74446EC156D0C0 /* ENAPIRequestLocation.swift */ = {isa = PBXFileReference; includeInIndex = 1; lastKnownFileType = sourcecode.swift; path = ENAPIRequestLocation.swift; sourceTree = "<group>"; };
		DB495CD76D06D5F7CFC08214 /* TagTransport.swift */ = {isa = PBXFileReference; includeInIndex = 1; lastKnownFileType = sourcecode.swift; path = TagTransport.swift; sourceTree = "<group>"; };
		DC40F1C0A1A66AC1C993834F /* CaseQueueTransport.swift */ = {isa = PBXFileReference; includeInIndex = 1; lastKnownFileType = sourcecode.swift; path = CaseQueueTransport.swift; sourceTree = "<group>"; };
		DE69549AFA15FA25EC1F9281 /* ENCMessageText.swift */ = {isa = PBXFileReference; includeInIndex = 1; lastKnownFileType = sourcecode.swift; path = ENCMessageText.swift; sourceTree = "<group>"; };
		DF74C703D5C548AA2A265B08 /* ENCase.swift */ = {isa = PBXFileReference; includeInIndex = 1; lastKnownFileType = sourcecode.swift; path = ENCase.swift; sourceTree = "<group>"; };
		E19EADE088A14A1605C85999 /* ENAPIRequestTag.swift */ = {isa = PBXFileReference; includeInIndex = 1; lastKnownFileType = sourcecode.swift; path = ENAPIRequestTag.swift; sourceTree = "<group>"; };
		E49D1DC9C559C7D8E25A8D9A /* ComplaintService.swift */ = {isa = PBXFileReference; includeInIndex = 1; lastKnownFileType = sourcecode.swift; path = ComplaintService.swift; sourceTree = "<group>"; };
		E5A1DB91829C7DB7E632D6D6 /* APIRequestService.swift */ = {isa = PBXFileReference; includeInIndex = 1; lastKnownFileType = sourcecode.swift; path = APIRequestService.swift; sourceTree = "<group>"; };
		E5B38BF9B75EE79B743E7BB2 /* _Complaint.swift */ = {isa = PBXFileReference; includeInIndex = 1; lastKnownFileType = sourcecode.swift; path = _Complaint.swift; sourceTree = "<group>"; };
		E777AC274E9E1DE30C575FB6 /* CaseQueueService.swift */ = {isa = PBXFileReference; includeInIndex = 1; lastKnownFileType = sourcecode.swift; path = CaseQueueService.swift; sourceTree = "<group>"; };
		E7B5DE838A30A6283BC4A530 /* ENEMSAgency.swift */ = {isa = PBXFileReference; includeInIndex = 1; lastKnownFileType = sourcecode.swift; path = ENEMSAgency.swift; sourceTree = "<group>"; };
		EA686D0CA670C03B91E6E301 /* TruckParser.swift */ = {isa = PBXFileReference; includeInIndex = 1; lastKnownFileType = sourcecode.swift; path = TruckParser.swift; sourceTree = "<group>"; };
		ED5D925FC28834F6818C8F87 /* _EMSAgency.swift */ = {isa = PBXFileReference; includeInIndex = 1; lastKnownFileType = sourcecode.swift; path = _EMSAgency.swift; sourceTree = "<group>"; };
		EDD42957DE133ECB3A15D5F3 /* CMessageTextSerializer.swift */ = {isa = PBXFileReference; includeInIndex = 1; lastKnownFileType = sourcecode.swift; path = CMessageTextSerializer.swift; sourceTree = "<group>"; };
		EDDB1D80DE34EF6FF2FBF62F /* _ChatMessage.swift */ = {isa = PBXFileReference; includeInIndex = 1; lastKnownFileType = sourcecode.swift; path = _ChatMessage.swift; sourceTree = "<group>"; };
		EF8312667797F74AC44A2B7E /* _APIRequestUpload.swift */ = {isa = PBXFileReference; includeInIndex = 1; lastKnownFileType = sourcecode.swift; path = _APIRequestUpload.swift; sourceTree = "<group>"; };
		F032E21974C3B1F2BED9E8F5 /* UserService.swift */ = {isa = PBXFileReference; includeInIndex = 1; lastKnownFileType = sourcecode.swift; path = UserService.swift; sourceTree = "<group>"; };
		F07059CE73EB4A2EBC6CE92E /* APIRequestCase.swift */ = {isa = PBXFileReference; includeInIndex = 1; lastKnownFileType = sourcecode.swift; path = APIRequestCase.swift; sourceTree = "<group>"; };
		F162F0F8C288B1E390D18170 /* _APIRequestPushNotification.swift */ = {isa = PBXFileReference; includeInIndex = 1; lastKnownFileType = sourcecode.swift; path = _APIRequestPushNotification.swift; sourceTree = "<group>"; };
		F2CE7BACBD37DEECD8028A95 /* User.swift */ = {isa = PBXFileReference; includeInIndex = 1; lastKnownFileType = sourcecode.swift; path = User.swift; sourceTree = "<group>"; };
		F2ECCD20B51C3CAB9EFFB816 /* ENObject.swift */ = {isa = PBXFileReference; includeInIndex = 1; lastKnownFileType = sourcecode.swift; path = ENObject.swift; sourceTree = "<group>"; };
		F37A4C9941E8B08F3A66498E /* Pods-Abstract-TestCodegen.debug.xcconfig */ = {isa = PBXFileReference; includeInIndex = 1; lastKnownFileType = text.xcconfig; name = "Pods-Abstract-TestCodegen.debug.xcconfig"; path = "Pods/Target Support Files/Pods-Abstract-TestCodegen/Pods-Abstract-TestCodegen.debug.xcconfig"; sourceTree = "<group>"; };
		F5564F707C54F53ED68188E6 /* ChatMessage.swift */ = {isa = PBXFileReference; includeInIndex = 1; lastKnownFileType = sourcecode.swift; path = ChatMessage.swift; sourceTree = "<group>"; };
		F5C2637778EA210E90ABCE3C /* APIRequestLocationTransport.swift */ = {isa = PBXFileReference; includeInIndex = 1; lastKnownFileType = sourcecode.swift; path = APIRequestLocationTransport.swift; sourceTree = "<group>"; };
		F9EB31ED9628E9CE19CD4E43 /* ComplaintParser.swift */ = {isa = PBXFileReference; includeInIndex = 1; lastKnownFileType = sourcecode.swift; path = ComplaintParser.swift; sourceTree = "<group>"; };
		FB4C91F14FE87DED905D2C8C /* ChatMessageService.swift */ = {isa = PBXFileReference; includeInIndex = 1; lastKnownFileType = sourcecode.swift; path = ChatMessageService.swift; sourceTree = "<group>"; };
		FCA5194F94BD8B089F151571 /* _APIRequestCase.swift */ = {isa = PBXFileReference; includeInIndex = 1; lastKnownFileType = sourcecode.swift; path = _APIRequestCase.swift; sourceTree = "<group>"; };
		FE32015CF10286A7FA3460E9 /* _APIRequest.swift */ = {isa = PBXFileReference; includeInIndex = 1; lastKnownFileType = sourcecode.swift; path = _APIRequest.swift; sourceTree = "<group>"; };
		FF08503019E35090739FA24E /* ComplaintSerializer.swift */ = {isa = PBXFileReference; includeInIndex = 1; lastKnownFileType = sourcecode.swift; path = ComplaintSerializer.swift; sourceTree = "<group>"; };
		FF597E15A8D06B5A803A0108 /* APIRequestSerializer.swift */ = {isa = PBXFileReference; includeInIndex = 1; lastKnownFileType = sourcecode.swift; path = APIRequestSerializer.swift; sourceTree = "<group>"; };
/* End PBXFileReference section */

/* Begin PBXFrameworksBuildPhase section */
		A4CC1FE21EA9F8C0000A3A81 /* Frameworks */ = {
			isa = PBXFrameworksBuildPhase;
			buildActionMask = 2147483647;
			files = (
				95C6991DF1E2D1E7DC3D2560 /* Pods_Abstract_TestCodegen.framework in Frameworks */,
			);
			runOnlyForDeploymentPostprocessing = 0;
		};
		A4CC1FF61EA9F8C0000A3A81 /* Frameworks */ = {
			isa = PBXFrameworksBuildPhase;
			buildActionMask = 2147483647;
			files = (
			);
			runOnlyForDeploymentPostprocessing = 0;
		};
		A4CC20011EA9F8C0000A3A81 /* Frameworks */ = {
			isa = PBXFrameworksBuildPhase;
			buildActionMask = 2147483647;
			files = (
			);
			runOnlyForDeploymentPostprocessing = 0;
		};
/* End PBXFrameworksBuildPhase section */

/* Begin PBXGroup section */
		37CF7958A51AF3A10DDF24DC /* POSO */ = {
			isa = PBXGroup;
			children = (
				68E809C4E8A768F7D2265326 /* Machine */,
				8E83EF92187CF01F6C668650 /* Human */,
			);
			name = POSO;
			path = POSO;
			sourceTree = "<group>";
		};
		3AA412D308AE918AC76E8832 /* Pods */ = {
			isa = PBXGroup;
			children = (
				F37A4C9941E8B08F3A66498E /* Pods-Abstract-TestCodegen.debug.xcconfig */,
				6CDF6D69CD319E1F903A1A03 /* Pods-Abstract-TestCodegen.release.xcconfig */,
			);
			name = Pods;
			sourceTree = "<group>";
		};
		5EA137A4BB9B588B2337609D /* Database models */ = {
			isa = PBXGroup;
			children = (
				1A85A184F867767910EDCCDA /* ENAPIRequest.swift */,
				01D297A18D3B1C8339E2D152 /* ENAPIRequestCase.swift */,
				C2E7D0617B252A7023BA55C1 /* ENAPIRequestChat.swift */,
				DAD177669D74446EC156D0C0 /* ENAPIRequestLocation.swift */,
				183B022BAFFB78B778BE3F65 /* ENAPIRequestPushNotification.swift */,
				E19EADE088A14A1605C85999 /* ENAPIRequestTag.swift */,
				A3B643D47B7FE5B34D5F5D60 /* ENAPIRequestUpload.swift */,
				DF74C703D5C548AA2A265B08 /* ENCase.swift */,
				52DB91A6C6A5AF25F49005F1 /* ENCaseQueue.swift */,
				377FD382EF211B24C8D7F38B /* ENChatMessage.swift */,
				DE69549AFA15FA25EC1F9281 /* ENCMessageText.swift */,
				70684457B68674BB8A214CFD /* ENComplaint.swift */,
				E7B5DE838A30A6283BC4A530 /* ENEMSAgency.swift */,
				786D9EBAC333F697902E2104 /* ENFile.swift */,
				5B49B6798B74D75C76C009D7 /* ENHospital.swift */,
				F2ECCD20B51C3CAB9EFFB816 /* ENObject.swift */,
				7B8D9B3B92D0AB096443D619 /* ENSession.swift */,
				02F49344635769F0C0E78B50 /* ENTag.swift */,
				3BA5F1CEB9D4E32C1AEA7CD4 /* ENTruck.swift */,
				CD4DC39A9AA2613D1B3D5B85 /* ENUser.swift */,
				A362A49C7B16F172320379B3 /* ENUserCredential.swift */,
			);
			name = "Database models";
			path = "Database models";
			sourceTree = "<group>";
		};
		68E809C4E8A768F7D2265326 /* Machine */ = {
			isa = PBXGroup;
			children = (
				FE32015CF10286A7FA3460E9 /* _APIRequest.swift */,
				FCA5194F94BD8B089F151571 /* _APIRequestCase.swift */,
				943CC947EF5A31B8568A214B /* _APIRequestChat.swift */,
				45DE1A268B461CE6685B5E67 /* _APIRequestLocation.swift */,
				F162F0F8C288B1E390D18170 /* _APIRequestPushNotification.swift */,
				AC642A2C78FAE0BD821BB2EC /* _APIRequestTag.swift */,
				EF8312667797F74AC44A2B7E /* _APIRequestUpload.swift */,
				89FC5DECC2C0899529821A62 /* _Case.swift */,
				1B100E69C85FF0705F38406F /* _CaseQueue.swift */,
				EDDB1D80DE34EF6FF2FBF62F /* _ChatMessage.swift */,
				AE20EDE02F7F21DDF0DD2A19 /* _CMessageText.swift */,
				E5B38BF9B75EE79B743E7BB2 /* _Complaint.swift */,
				ED5D925FC28834F6818C8F87 /* _EMSAgency.swift */,
				B5802D70C58FDFF47331A271 /* _File.swift */,
				2F99EB3AD0BFA0A2703CEC69 /* _Hospital.swift */,
				656D64DDDDED784038E0F71A /* _Object.swift */,
				159429E78850D1470A5006EB /* _Session.swift */,
				00364E13AA05C0FC6FEB714E /* _Tag.swift */,
				AECE16289649A0C108A9E54E /* _Truck.swift */,
				97FCC7A24E10C336B5ECB7AD /* _User.swift */,
				556749A6A5A70CE42248D571 /* _UserCredential.swift */,
			);
			name = Machine;
			path = Machine;
			sourceTree = "<group>";
		};
		7473675CF07C2EBDD53DA76E /* Data layer */ = {
			isa = PBXGroup;
			children = (
				37CF7958A51AF3A10DDF24DC /* POSO */,
				5EA137A4BB9B588B2337609D /* Database models */,
			);
			name = "Data layer";
			path = "Data layer";
			sourceTree = "<group>";
		};
		7B47CEFCF5B97FAC126471C3 /* Frameworks */ = {
			isa = PBXGroup;
			children = (
				18C0EAB9061070DD409F165C /* Pods_Abstract_TestCodegen.framework */,
			);
			name = Frameworks;
			sourceTree = "<group>";
		};
		7CA8D5F307575D630E34BE14 /* Service layer */ = {
			isa = PBXGroup;
			children = (
				E5A1DB91829C7DB7E632D6D6 /* APIRequestService.swift */,
				3151E6596015040579EAEADD /* APIRequestCaseService.swift */,
				C847723156B67772D8B477B2 /* APIRequestChatService.swift */,
				38AFF3259156D5A559BA9E67 /* APIRequestLocationService.swift */,
				0ED874358AC3492071741B16 /* APIRequestPushNotificationService.swift */,
				B34E6EDC114F536FC046D671 /* APIRequestTagService.swift */,
				425773B297D20A106066176F /* APIRequestUploadService.swift */,
				BB484E04A1E6249459BB82F8 /* CaseService.swift */,
				E777AC274E9E1DE30C575FB6 /* CaseQueueService.swift */,
				FB4C91F14FE87DED905D2C8C /* ChatMessageService.swift */,
				282E05946D0AD13A602EECFD /* CMessageTextService.swift */,
				E49D1DC9C559C7D8E25A8D9A /* ComplaintService.swift */,
				2DB4212B6127327728E60E98 /* EMSAgencyService.swift */,
				A34EDE390A2FC5A15684146C /* FileService.swift */,
				6837DFB6210B44730C738FF7 /* HospitalService.swift */,
				874B6EF7BA186D71091C29FB /* ObjectService.swift */,
				AE29DE4DF9A898D4482885D6 /* SessionService.swift */,
				AA62F0F04FB509F837FFBA30 /* TagService.swift */,
				BEAA98AD86F406C4C2E314F0 /* TruckService.swift */,
				F032E21974C3B1F2BED9E8F5 /* UserService.swift */,
				51206C76A3E8B16CC16349C2 /* UserCredentialService.swift */,
			);
			name = "Service layer";
			path = "Service layer";
			sourceTree = "<group>";
		};
		85915BC9B632494EEA85975C /* Business Logic */ = {
			isa = PBXGroup;
			children = (
				DE8C25976E35F46B7A14B00B /* Transport layer */,
				7473675CF07C2EBDD53DA76E /* Data layer */,
				7CA8D5F307575D630E34BE14 /* Service layer */,
				C4DFB8A6297E41E44F615B63 /* Parsers layer */,
				FC62503C077A9F7014AE08EE /* Serializers layer */,
			);
			name = "Business Logic";
			path = "TestCodegen/Generated/Business Logic";
			sourceTree = "<group>";
		};
		8E83EF92187CF01F6C668650 /* Human */ = {
			isa = PBXGroup;
			children = (
				B560D4E71A46D2603B7C7B08 /* APIRequest.swift */,
				F07059CE73EB4A2EBC6CE92E /* APIRequestCase.swift */,
				6F2264145154BD5E18BB8724 /* APIRequestChat.swift */,
				6E9274BB7004D09E5AB53E4F /* APIRequestLocation.swift */,
				33975FF1999FBDD823322E0D /* APIRequestPushNotification.swift */,
				17D1F5AE2912DDF6AE725DCC /* APIRequestTag.swift */,
				BB2FCCF4B73FE628379B379E /* APIRequestUpload.swift */,
				D0D7E305DF4AD105D84E58B7 /* Case.swift */,
				CF953E28EBFC74F18A5D0C1D /* CaseQueue.swift */,
				F5564F707C54F53ED68188E6 /* ChatMessage.swift */,
				32CF0A39B43E2F115BC88F2D /* CMessageText.swift */,
				3DBBFD4670F58D3515B2AC18 /* Complaint.swift */,
				037FD053E178CEBE048BED22 /* EMSAgency.swift */,
				0D48BFA113479B1DAA7284A9 /* File.swift */,
				14E5863BD9D660659F66410C /* Hospital.swift */,
				1AC5999B7294C72FC5ABE132 /* Object.swift */,
				21FF191C9E6D0FAB11FE9FE5 /* Session.swift */,
				83DC488511931CD89E9C64CB /* Tag.swift */,
				CEB2017568D90E6071586CF1 /* Truck.swift */,
				F2CE7BACBD37DEECD8028A95 /* User.swift */,
				B404D70B9D7D8C658F1CC7C3 /* UserCredential.swift */,
			);
			name = Human;
			path = Human;
			sourceTree = "<group>";
		};
		A4961C8C1EAF65DA001A8E5A /* Helpers */ = {
			isa = PBXGroup;
			children = (
				A4961C8D1EAF65E8001A8E5A /* Helpers.swift */,
			);
			name = Helpers;
			sourceTree = "<group>";
		};
		A4CC1FDC1EA9F8C0000A3A81 = {
			isa = PBXGroup;
			children = (
				A4CC1FE71EA9F8C0000A3A81 /* TestCodegen */,
				A4CC1FFC1EA9F8C0000A3A81 /* TestCodegenTests */,
				A4CC20071EA9F8C0000A3A81 /* TestCodegenUITests */,
				A4CC1FE61EA9F8C0000A3A81 /* Products */,
				3AA412D308AE918AC76E8832 /* Pods */,
				7B47CEFCF5B97FAC126471C3 /* Frameworks */,
				85915BC9B632494EEA85975C /* Business Logic */,
			);
			sourceTree = "<group>";
		};
		A4CC1FE61EA9F8C0000A3A81 /* Products */ = {
			isa = PBXGroup;
			children = (
				A4CC1FE51EA9F8C0000A3A81 /* TestCodegen.app */,
				A4CC1FF91EA9F8C0000A3A81 /* TestCodegenTests.xctest */,
				A4CC20041EA9F8C0000A3A81 /* TestCodegenUITests.xctest */,
			);
			name = Products;
			sourceTree = "<group>";
		};
		A4CC1FE71EA9F8C0000A3A81 /* TestCodegen */ = {
			isa = PBXGroup;
			children = (
				A4961C8C1EAF65DA001A8E5A /* Helpers */,
				A4CC1FE81EA9F8C0000A3A81 /* AppDelegate.swift */,
				A4CC1FEA1EA9F8C0000A3A81 /* ViewController.swift */,
				A4CC1FEC1EA9F8C0000A3A81 /* Main.storyboard */,
				A4CC1FEF1EA9F8C0000A3A81 /* Assets.xcassets */,
				A4CC1FF11EA9F8C0000A3A81 /* LaunchScreen.storyboard */,
				A4CC1FF41EA9F8C0000A3A81 /* Info.plist */,
			);
			path = TestCodegen;
			sourceTree = "<group>";
		};
		A4CC1FFC1EA9F8C0000A3A81 /* TestCodegenTests */ = {
			isa = PBXGroup;
			children = (
				A4CC1FFD1EA9F8C0000A3A81 /* TestCodegenTests.swift */,
				A4CC1FFF1EA9F8C0000A3A81 /* Info.plist */,
			);
			path = TestCodegenTests;
			sourceTree = "<group>";
		};
		A4CC20071EA9F8C0000A3A81 /* TestCodegenUITests */ = {
			isa = PBXGroup;
			children = (
				A4CC20081EA9F8C0000A3A81 /* TestCodegenUITests.swift */,
				A4CC200A1EA9F8C0000A3A81 /* Info.plist */,
			);
			path = TestCodegenUITests;
			sourceTree = "<group>";
		};
		C4DFB8A6297E41E44F615B63 /* Parsers layer */ = {
			isa = PBXGroup;
			children = (
				5F658F11478D4F9240247DD2 /* APIRequestParser.swift */,
				0B8C659316B6D62B5EF85589 /* APIRequestCaseParser.swift */,
				00F55BCD782F0F59B508426D /* APIRequestChatParser.swift */,
				043C17BA79959AA065E1ED5F /* APIRequestLocationParser.swift */,
				14B9DF7F7C5BB6324F0FEBF7 /* APIRequestPushNotificationParser.swift */,
				DA3F40EC8DB4BD50DFA4DDE5 /* APIRequestTagParser.swift */,
				6C43A1208CA6AD85A6372D82 /* APIRequestUploadParser.swift */,
				D17899EB0EE7DE228ECC45FD /* CaseParser.swift */,
				83F2BB0B17724161BB0F30DA /* CaseQueueParser.swift */,
				A5ED941CAEBEA6BFB2C3DE38 /* ChatMessageParser.swift */,
				1D3802F7285FCEAC0FFCA91B /* CMessageTextParser.swift */,
				F9EB31ED9628E9CE19CD4E43 /* ComplaintParser.swift */,
				21CB5963795551C49E71DE9D /* EMSAgencyParser.swift */,
				29CB8310B62D3752B51627BA /* FileParser.swift */,
				487853309A01ECCB6DA45079 /* HospitalParser.swift */,
				0708317C0914709E4DB3F66B /* ObjectParser.swift */,
				30E796C2ECA7836815F810FF /* SessionParser.swift */,
				90C3B7CF8E3774D25AF283A2 /* TagParser.swift */,
				EA686D0CA670C03B91E6E301 /* TruckParser.swift */,
				7DF325462FEC2B5D68CAD6A3 /* UserParser.swift */,
				49ABEB600E900EDBFC349B96 /* UserCredentialParser.swift */,
			);
			name = "Parsers layer";
			path = "Parsers layer";
			sourceTree = "<group>";
		};
		DE8C25976E35F46B7A14B00B /* Transport layer */ = {
			isa = PBXGroup;
			children = (
				CB0AE1D8268BD0A71C145276 /* APIRequestTransport.swift */,
				92DCD82CA9B202A53CD9A012 /* APIRequestCaseTransport.swift */,
				4199B5194456C925E3F2F7B4 /* APIRequestChatTransport.swift */,
				F5C2637778EA210E90ABCE3C /* APIRequestLocationTransport.swift */,
				808F99128CF0B663299B46D9 /* APIRequestPushNotificationTransport.swift */,
				7F6CD3ABF57A8D130DB3AD8B /* APIRequestTagTransport.swift */,
				5F03DCE49F4D3AF4345A6497 /* APIRequestUploadTransport.swift */,
				C5A503E21713DFF9AB4D3D83 /* CaseTransport.swift */,
				DC40F1C0A1A66AC1C993834F /* CaseQueueTransport.swift */,
				7C970AF132C34F2D0263079F /* ChatMessageTransport.swift */,
				A541D264D5945CAA487CA24E /* CMessageTextTransport.swift */,
				8CC8147090C230592E1AC2E8 /* ComplaintTransport.swift */,
				C643ADAB962B5DB4A8AFF82F /* EMSAgencyTransport.swift */,
				91E6BFD78FC033E23F5B55E4 /* FileTransport.swift */,
				965348E9A10EE08350D0BCA1 /* HospitalTransport.swift */,
				8FBAE2031F3D5D71637AF0B3 /* ObjectTransport.swift */,
				059C8827F3DDB0A299B36083 /* SessionTransport.swift */,
				DB495CD76D06D5F7CFC08214 /* TagTransport.swift */,
				518AA41DA04A65E897B77434 /* TruckTransport.swift */,
				7C29DCFAEED856ACF18FF59B /* UserTransport.swift */,
				0E40479C1F72BD813EC59E7F /* UserCredentialTransport.swift */,
			);
			name = "Transport layer";
			path = "Transport layer";
			sourceTree = "<group>";
		};
		FC62503C077A9F7014AE08EE /* Serializers layer */ = {
			isa = PBXGroup;
			children = (
				FF597E15A8D06B5A803A0108 /* APIRequestSerializer.swift */,
				4333A3E7323F46BC9BEC673E /* APIRequestCaseSerializer.swift */,
				8EBD755AD7C382109B19D6C8 /* APIRequestChatSerializer.swift */,
				2BD6B0FEC03FEE5CEBBEEA4C /* APIRequestLocationSerializer.swift */,
				7A37759A0DD6795D7638091A /* APIRequestPushNotificationSerializer.swift */,
				77869BF83F328F043BA51A41 /* APIRequestTagSerializer.swift */,
				A848DAC10BB46FFE7580DB4C /* APIRequestUploadSerializer.swift */,
				9B5E4082DF9CCCA8B77987DF /* CaseSerializer.swift */,
				0873DA6B1587F5F32E9A1EC7 /* CaseQueueSerializer.swift */,
				9D0C81EE21759A0EC7EE2C27 /* ChatMessageSerializer.swift */,
				EDD42957DE133ECB3A15D5F3 /* CMessageTextSerializer.swift */,
				FF08503019E35090739FA24E /* ComplaintSerializer.swift */,
				BB7E669BB8085B71246AF9A2 /* EMSAgencySerializer.swift */,
				6B8B294D68D60D3791DC54BE /* FileSerializer.swift */,
				7166AE1C2646274EED147561 /* HospitalSerializer.swift */,
				1EF6F9334E8DDD6D8635CC51 /* ObjectSerializer.swift */,
				4DCB63F5AAA075EC529A63F8 /* SessionSerializer.swift */,
				3B7508BF0055F40E7A9E7DAB /* TagSerializer.swift */,
				4427890B3647E411FA65AD32 /* TruckSerializer.swift */,
				396B5CA4AA333DB86359FDD1 /* UserSerializer.swift */,
				81BC274883C4F6C090C2868A /* UserCredentialSerializer.swift */,
			);
			name = "Serializers layer";
			path = "Serializers layer";
			sourceTree = "<group>";
		};
/* End PBXGroup section */

/* Begin PBXNativeTarget section */
		A4CC1FE41EA9F8C0000A3A81 /* TestCodegen */ = {
			isa = PBXNativeTarget;
			buildConfigurationList = A4CC200D1EA9F8C0000A3A81 /* Build configuration list for PBXNativeTarget "TestCodegen" */;
			buildPhases = (
				7FC2198DB26A68FE440B4E06 /* [CP] Check Pods Manifest.lock */,
				A4CC1FE11EA9F8C0000A3A81 /* Sources */,
				A4CC1FE21EA9F8C0000A3A81 /* Frameworks */,
				A4CC1FE31EA9F8C0000A3A81 /* Resources */,
				F552919EFB684F89828AD002 /* [CP] Embed Pods Frameworks */,
				81DEEDBB374E35BD6C890323 /* [CP] Copy Pods Resources */,
			);
			buildRules = (
			);
			dependencies = (
			);
			name = TestCodegen;
			productName = TestCodegen;
			productReference = A4CC1FE51EA9F8C0000A3A81 /* TestCodegen.app */;
			productType = "com.apple.product-type.application";
		};
		A4CC1FF81EA9F8C0000A3A81 /* TestCodegenTests */ = {
			isa = PBXNativeTarget;
			buildConfigurationList = A4CC20101EA9F8C0000A3A81 /* Build configuration list for PBXNativeTarget "TestCodegenTests" */;
			buildPhases = (
				A4CC1FF51EA9F8C0000A3A81 /* Sources */,
				A4CC1FF61EA9F8C0000A3A81 /* Frameworks */,
				A4CC1FF71EA9F8C0000A3A81 /* Resources */,
			);
			buildRules = (
			);
			dependencies = (
				A4CC1FFB1EA9F8C0000A3A81 /* PBXTargetDependency */,
			);
			name = TestCodegenTests;
			productName = TestCodegenTests;
			productReference = A4CC1FF91EA9F8C0000A3A81 /* TestCodegenTests.xctest */;
			productType = "com.apple.product-type.bundle.unit-test";
		};
		A4CC20031EA9F8C0000A3A81 /* TestCodegenUITests */ = {
			isa = PBXNativeTarget;
			buildConfigurationList = A4CC20131EA9F8C0000A3A81 /* Build configuration list for PBXNativeTarget "TestCodegenUITests" */;
			buildPhases = (
				A4CC20001EA9F8C0000A3A81 /* Sources */,
				A4CC20011EA9F8C0000A3A81 /* Frameworks */,
				A4CC20021EA9F8C0000A3A81 /* Resources */,
			);
			buildRules = (
			);
			dependencies = (
				A4CC20061EA9F8C0000A3A81 /* PBXTargetDependency */,
			);
			name = TestCodegenUITests;
			productName = TestCodegenUITests;
			productReference = A4CC20041EA9F8C0000A3A81 /* TestCodegenUITests.xctest */;
			productType = "com.apple.product-type.bundle.ui-testing";
		};
/* End PBXNativeTarget section */

/* Begin PBXProject section */
		A4CC1FDD1EA9F8C0000A3A81 /* Project object */ = {
			isa = PBXProject;
			attributes = {
				LastSwiftUpdateCheck = 0830;
				LastUpgradeCheck = 0830;
				ORGANIZATIONNAME = "Aynur Galiev";
				TargetAttributes = {
					A4CC1FE41EA9F8C0000A3A81 = {
						CreatedOnToolsVersion = 8.3;
						DevelopmentTeam = 3EZN9G7JS8;
						ProvisioningStyle = Automatic;
					};
					A4CC1FF81EA9F8C0000A3A81 = {
						CreatedOnToolsVersion = 8.3;
						ProvisioningStyle = Automatic;
						TestTargetID = A4CC1FE41EA9F8C0000A3A81;
					};
					A4CC20031EA9F8C0000A3A81 = {
						CreatedOnToolsVersion = 8.3;
						ProvisioningStyle = Automatic;
						TestTargetID = A4CC1FE41EA9F8C0000A3A81;
					};
				};
			};
			buildConfigurationList = A4CC1FE01EA9F8C0000A3A81 /* Build configuration list for PBXProject "TestCodegen" */;
			compatibilityVersion = "Xcode 3.2";
			developmentRegion = English;
			hasScannedForEncodings = 0;
			knownRegions = (
				en,
				Base,
			);
			mainGroup = A4CC1FDC1EA9F8C0000A3A81;
			productRefGroup = A4CC1FE61EA9F8C0000A3A81 /* Products */;
			projectDirPath = "";
			projectRoot = "";
			targets = (
				A4CC1FE41EA9F8C0000A3A81 /* TestCodegen */,
				A4CC1FF81EA9F8C0000A3A81 /* TestCodegenTests */,
				A4CC20031EA9F8C0000A3A81 /* TestCodegenUITests */,
			);
		};
/* End PBXProject section */

/* Begin PBXResourcesBuildPhase section */
		A4CC1FE31EA9F8C0000A3A81 /* Resources */ = {
			isa = PBXResourcesBuildPhase;
			buildActionMask = 2147483647;
			files = (
				A4CC1FF31EA9F8C0000A3A81 /* LaunchScreen.storyboard in Resources */,
				A4CC1FF01EA9F8C0000A3A81 /* Assets.xcassets in Resources */,
				A4CC1FEE1EA9F8C0000A3A81 /* Main.storyboard in Resources */,
			);
			runOnlyForDeploymentPostprocessing = 0;
		};
		A4CC1FF71EA9F8C0000A3A81 /* Resources */ = {
			isa = PBXResourcesBuildPhase;
			buildActionMask = 2147483647;
			files = (
			);
			runOnlyForDeploymentPostprocessing = 0;
		};
		A4CC20021EA9F8C0000A3A81 /* Resources */ = {
			isa = PBXResourcesBuildPhase;
			buildActionMask = 2147483647;
			files = (
			);
			runOnlyForDeploymentPostprocessing = 0;
		};
/* End PBXResourcesBuildPhase section */

/* Begin PBXShellScriptBuildPhase section */
		7FC2198DB26A68FE440B4E06 /* [CP] Check Pods Manifest.lock */ = {
			isa = PBXShellScriptBuildPhase;
			buildActionMask = 2147483647;
			files = (
			);
			inputPaths = (
			);
			name = "[CP] Check Pods Manifest.lock";
			outputPaths = (
			);
			runOnlyForDeploymentPostprocessing = 0;
			shellPath = /bin/sh;
			shellScript = "diff \"${PODS_PODFILE_DIR_PATH}/Podfile.lock\" \"${PODS_ROOT}/Manifest.lock\" > /dev/null\nif [ $? != 0 ] ; then\n    # print error to STDERR\n    echo \"error: The sandbox is not in sync with the Podfile.lock. Run 'pod install' or update your CocoaPods installation.\" >&2\n    exit 1\nfi\n";
			showEnvVarsInLog = 0;
		};
		81DEEDBB374E35BD6C890323 /* [CP] Copy Pods Resources */ = {
			isa = PBXShellScriptBuildPhase;
			buildActionMask = 2147483647;
			files = (
			);
			inputPaths = (
			);
			name = "[CP] Copy Pods Resources";
			outputPaths = (
			);
			runOnlyForDeploymentPostprocessing = 0;
			shellPath = /bin/sh;
			shellScript = "\"${SRCROOT}/Pods/Target Support Files/Pods-Abstract-TestCodegen/Pods-Abstract-TestCodegen-resources.sh\"\n";
			showEnvVarsInLog = 0;
		};
		F552919EFB684F89828AD002 /* [CP] Embed Pods Frameworks */ = {
			isa = PBXShellScriptBuildPhase;
			buildActionMask = 2147483647;
			files = (
			);
			inputPaths = (
			);
			name = "[CP] Embed Pods Frameworks";
			outputPaths = (
			);
			runOnlyForDeploymentPostprocessing = 0;
			shellPath = /bin/sh;
			shellScript = "\"${SRCROOT}/Pods/Target Support Files/Pods-Abstract-TestCodegen/Pods-Abstract-TestCodegen-frameworks.sh\"\n";
			showEnvVarsInLog = 0;
		};
/* End PBXShellScriptBuildPhase section */

/* Begin PBXSourcesBuildPhase section */
		A4CC1FE11EA9F8C0000A3A81 /* Sources */ = {
			isa = PBXSourcesBuildPhase;
			buildActionMask = 2147483647;
			files = (
				A4CC1FEB1EA9F8C0000A3A81 /* ViewController.swift in Sources */,
				A4CC1FE91EA9F8C0000A3A81 /* AppDelegate.swift in Sources */,
				A4961C8E1EAF65E8001A8E5A /* Helpers.swift in Sources */,
				8C6C05DC7E2A21581B975E4D /* _APIRequest.swift in Sources */,
				BC61C3ED605BCD77D725D8DA /* APIRequest.swift in Sources */,
				3FCE670BCCD8071DE6768D00 /* ENAPIRequest.swift in Sources */,
				EC7306844AA44473D92014D8 /* APIRequestTransport.swift in Sources */,
				D15468FC37F229D506BFBA67 /* APIRequestService.swift in Sources */,
				69FA14B6F1087948F606D503 /* APIRequestParser.swift in Sources */,
				BE7E2F67E91013EED8A34AC1 /* APIRequestSerializer.swift in Sources */,
				1B66DE79843987A6E0731A19 /* _APIRequestCase.swift in Sources */,
				8737A849076E59F84EE0AC3D /* APIRequestCase.swift in Sources */,
				ADF46BF57A4B472C3092046D /* ENAPIRequestCase.swift in Sources */,
				4D9C6A8687FB86AFB9F62C4A /* APIRequestCaseTransport.swift in Sources */,
				DB9D617160BA707ACD593311 /* APIRequestCaseService.swift in Sources */,
				7A07D51D610BBEFECF549D53 /* APIRequestCaseParser.swift in Sources */,
				952DC36F393B9011EEC87DBC /* APIRequestCaseSerializer.swift in Sources */,
				7928CB9C768EAC25735F892B /* _APIRequestChat.swift in Sources */,
				ACC99E31499D731E441EA92E /* APIRequestChat.swift in Sources */,
				2827E30FE4D3EF57131FDC81 /* ENAPIRequestChat.swift in Sources */,
				5C1FC28536FEC729AF205A19 /* APIRequestChatTransport.swift in Sources */,
				DB1450800A964995ED1361B6 /* APIRequestChatService.swift in Sources */,
				3F3580156C0336B012025631 /* APIRequestChatParser.swift in Sources */,
				3B387C925497B6B9E44DB8B2 /* APIRequestChatSerializer.swift in Sources */,
				33123B8305238E73C7E7B43D /* _APIRequestLocation.swift in Sources */,
				178487800E97DB4EFA99C78F /* APIRequestLocation.swift in Sources */,
				DC4D2543F103FFD72D43DFD3 /* ENAPIRequestLocation.swift in Sources */,
				DDF450691B721DF4E05B2FED /* APIRequestLocationTransport.swift in Sources */,
				A0A6162396F7ACCFB3C82184 /* APIRequestLocationService.swift in Sources */,
				D0BF8E1A59A8B4C44C258B9A /* APIRequestLocationParser.swift in Sources */,
				15F5C2010849AF68B44C8DAC /* APIRequestLocationSerializer.swift in Sources */,
				893FC916EAED671E9A5A11E2 /* _APIRequestPushNotification.swift in Sources */,
				F9EAFA5629D6D324DBB45880 /* APIRequestPushNotification.swift in Sources */,
				896E401F87559D1F071DEEC3 /* ENAPIRequestPushNotification.swift in Sources */,
				78CFC52AED124ECDE3D8F66B /* APIRequestPushNotificationTransport.swift in Sources */,
				7F8BBDCFADBA5A35D7109FB6 /* APIRequestPushNotificationService.swift in Sources */,
				D377395A78BDA5F2094CC9BC /* APIRequestPushNotificationParser.swift in Sources */,
				370A0C8B1A9CFDF4EE7766B3 /* APIRequestPushNotificationSerializer.swift in Sources */,
				221346D253C682AD46AF1707 /* _APIRequestTag.swift in Sources */,
				C9F1A4869CC0A8E9393C58F6 /* APIRequestTag.swift in Sources */,
				EE0C2FB1BDF3F219860A177D /* ENAPIRequestTag.swift in Sources */,
				904F3C09EAF2FD84FCE90D20 /* APIRequestTagTransport.swift in Sources */,
				23C3ECB3642BCBC373A92751 /* APIRequestTagService.swift in Sources */,
				0B1448FC3EDD5EB7E5C6996B /* APIRequestTagParser.swift in Sources */,
				C5F16B1B637969EC20511304 /* APIRequestTagSerializer.swift in Sources */,
				12F8A789D0C5010D3BF5A2CB /* _APIRequestUpload.swift in Sources */,
				0B8FEFFF5614DD68C02CD7BA /* APIRequestUpload.swift in Sources */,
				2127D8F318008BEB6A9F91E2 /* ENAPIRequestUpload.swift in Sources */,
				FCBBB30104B99CBE45C1BB8D /* APIRequestUploadTransport.swift in Sources */,
				8BC36AD7FAA49E2098BAF973 /* APIRequestUploadService.swift in Sources */,
				CF73A64436807E6E26D827FC /* APIRequestUploadParser.swift in Sources */,
				2D5E84598BA77AE30B8946F2 /* APIRequestUploadSerializer.swift in Sources */,
				B558528E339E399692B37325 /* _Case.swift in Sources */,
				ACDF70D1E3E120C96DC6E505 /* Case.swift in Sources */,
				3E7A2E1EFB0C6DA03037AC03 /* ENCase.swift in Sources */,
				9EE13DE6F935E1AE054F29F6 /* CaseTransport.swift in Sources */,
				B63B4A1AFD2D313E33A45106 /* CaseService.swift in Sources */,
				022AE63BFB61DA6E35112602 /* CaseParser.swift in Sources */,
				B691281D84083D13183A21A3 /* CaseSerializer.swift in Sources */,
				0867C3A316594A52E91A6F0E /* _CaseQueue.swift in Sources */,
				F5243DA7E72D3CFA628A64D3 /* CaseQueue.swift in Sources */,
				BE362DAD7027D78A75D1C13F /* ENCaseQueue.swift in Sources */,
				FB8030246FD3EC4ECBFF9016 /* CaseQueueTransport.swift in Sources */,
				451F4AFDE88ECD123EE75641 /* CaseQueueService.swift in Sources */,
				F8511737B06BB6F2AFAF194E /* CaseQueueParser.swift in Sources */,
				44861DA7B28B61BFF1B8AFAA /* CaseQueueSerializer.swift in Sources */,
				513708AFBA3402C07CD05F98 /* _ChatMessage.swift in Sources */,
				219FC430CEAF062FD32277E1 /* ChatMessage.swift in Sources */,
				ABE2065893863FF43DFA4614 /* ENChatMessage.swift in Sources */,
				344920AB51EC975E5AB09C50 /* ChatMessageTransport.swift in Sources */,
				F508988F808771BCF4C849EB /* ChatMessageService.swift in Sources */,
				2195F1F35D51BE49E9DF64D9 /* ChatMessageParser.swift in Sources */,
				1A32250B43B2C398376C243F /* ChatMessageSerializer.swift in Sources */,
				8D192D946655076A129DCBE5 /* _CMessageText.swift in Sources */,
				FAA173DD446C33BB7EB5DEE0 /* CMessageText.swift in Sources */,
				0DC11E812398481411DC2081 /* ENCMessageText.swift in Sources */,
				2E61A5B3E3C1540EACCEBBFB /* CMessageTextTransport.swift in Sources */,
				D5E4C4677F0AC8DCEDFC1FFC /* CMessageTextService.swift in Sources */,
				746F4174BBC696D7BCB20C3C /* CMessageTextParser.swift in Sources */,
				EB56C78A7EBAAE290C19BE98 /* CMessageTextSerializer.swift in Sources */,
				89A26E886C67894D061A7144 /* _Complaint.swift in Sources */,
				11FF2D752ECF52EDE70CEA68 /* Complaint.swift in Sources */,
				9BC3458F6ACBCDB425097C2A /* ENComplaint.swift in Sources */,
				5037589B3E44C4BA69DF4F7B /* ComplaintTransport.swift in Sources */,
				5352E6E57C46EF1BEAB38F5F /* ComplaintService.swift in Sources */,
				CD81819D3905A747452C4610 /* ComplaintParser.swift in Sources */,
				3E1EA48708480F228DF484C4 /* ComplaintSerializer.swift in Sources */,
				33E92D6017CCD95EE51AE04F /* _EMSAgency.swift in Sources */,
				48B0BEE084DEB6A6922C0AC5 /* EMSAgency.swift in Sources */,
				0F6343A111F1870B17C88A84 /* ENEMSAgency.swift in Sources */,
				077E010AFD41C8958D3EE8A5 /* EMSAgencyTransport.swift in Sources */,
				73B49829B0F07956CA0A7725 /* EMSAgencyService.swift in Sources */,
				EF682538A41AF3A3EF7F89BD /* EMSAgencyParser.swift in Sources */,
				6DE8FBC665DB4B491D68B433 /* EMSAgencySerializer.swift in Sources */,
				0D4FC31C642ECDC4293B94A7 /* _File.swift in Sources */,
				2B1E0B069D73ED8421516DAF /* File.swift in Sources */,
				6D078DC4C676D62C9C6BDE36 /* ENFile.swift in Sources */,
				53A4FD5EC106F86481513C8C /* FileTransport.swift in Sources */,
				8F7B438872C445A221663D49 /* FileService.swift in Sources */,
				42EE107DBA1AD6570B3B2D2C /* FileParser.swift in Sources */,
				4DF58C4F3417CBABFFAB2D31 /* FileSerializer.swift in Sources */,
				8CF236588DBE53388770424A /* _Hospital.swift in Sources */,
				77C873FB5073E978AB37C787 /* Hospital.swift in Sources */,
				6285FBDBA62FB41F5ECA749B /* ENHospital.swift in Sources */,
				1D3A725284D79B50E6837A99 /* HospitalTransport.swift in Sources */,
				6F42341E059EECEFBBD97613 /* HospitalService.swift in Sources */,
				7C5F9412FD6938CA48EFE9F6 /* HospitalParser.swift in Sources */,
				DD80E366BCC299FAF1AFA505 /* HospitalSerializer.swift in Sources */,
				1AC25A4F4567A55A3F1B4CCB /* _Object.swift in Sources */,
				F58A5E7CC3283B2D2098B5BD /* Object.swift in Sources */,
				185AD8B8A8FB6E0C52E8EB9B /* ENObject.swift in Sources */,
				BC98905185037E75C1F1B369 /* ObjectTransport.swift in Sources */,
				B1D09ADE89CB18DE4E49D5AF /* ObjectService.swift in Sources */,
				AA771490FAE087903A26E913 /* ObjectParser.swift in Sources */,
				7EC7E27A4DE8A02D0A2A9E7F /* ObjectSerializer.swift in Sources */,
				81BD388F9F9B53B386B1F477 /* _Session.swift in Sources */,
				925D2E435D9E4E434C22A916 /* Session.swift in Sources */,
				42E74BBC55B21752BA543598 /* ENSession.swift in Sources */,
				CA7BDA4DE898791482086C57 /* SessionTransport.swift in Sources */,
				89072F38B13D1213E9C6A312 /* SessionService.swift in Sources */,
				B37DCAAD87A0D46E858D71F5 /* SessionParser.swift in Sources */,
				D7D06491F5B9E2D7789B2C3C /* SessionSerializer.swift in Sources */,
				CA2D63BA7DE5521BC5EE2368 /* _Tag.swift in Sources */,
				D96F9025A50108A207D1519B /* Tag.swift in Sources */,
				06B7722B098017AA7D86D178 /* ENTag.swift in Sources */,
				FB029B4D371A2776DC42773B /* TagTransport.swift in Sources */,
				37D01DAD3F6853115475D705 /* TagService.swift in Sources */,
				037E26FC27CBCEB160CBD65B /* TagParser.swift in Sources */,
				E62E6CD5B72280671E507933 /* TagSerializer.swift in Sources */,
				06419805B6830D9CD576DF0D /* _Truck.swift in Sources */,
				771A73397AE228901E679C88 /* Truck.swift in Sources */,
				AA5FF10383378897C94A5362 /* ENTruck.swift in Sources */,
				B30493FC938CDB44AAED469F /* TruckTransport.swift in Sources */,
				6FEC356E10303447D2070D6A /* TruckService.swift in Sources */,
				5CAD6644F7687B76CD490E97 /* TruckParser.swift in Sources */,
				1CD6C87C03184A207B25D225 /* TruckSerializer.swift in Sources */,
				5AD8D124ECFB492448623676 /* _User.swift in Sources */,
				7E189CD602021E1D6F4AA777 /* User.swift in Sources */,
				66D96E5CB4678103489F1390 /* ENUser.swift in Sources */,
				B2FB61CF29D17DF0CDE7D1D7 /* UserTransport.swift in Sources */,
				9EC14979909A3AB4C7751775 /* UserService.swift in Sources */,
				0E763CDE5BF7D495B953E6B7 /* UserParser.swift in Sources */,
				7E1384F26AA0B356E0A38C76 /* UserSerializer.swift in Sources */,
				DAA3E702B04DBDE0EA369CAF /* _UserCredential.swift in Sources */,
				36B053EBCB77F37B7CECD406 /* UserCredential.swift in Sources */,
				8064FD12F99E71F793CFF435 /* ENUserCredential.swift in Sources */,
				8C40EA8E19E28708B7653F3A /* UserCredentialTransport.swift in Sources */,
				F078C8DFA849A8BEADCC10B2 /* UserCredentialService.swift in Sources */,
				7D7D925D164051E818424AB8 /* UserCredentialParser.swift in Sources */,
				BB8A7785CCEB02EC0B578A81 /* UserCredentialSerializer.swift in Sources */,
			);
			runOnlyForDeploymentPostprocessing = 0;
		};
		A4CC1FF51EA9F8C0000A3A81 /* Sources */ = {
			isa = PBXSourcesBuildPhase;
			buildActionMask = 2147483647;
			files = (
				A4CC1FFE1EA9F8C0000A3A81 /* TestCodegenTests.swift in Sources */,
			);
			runOnlyForDeploymentPostprocessing = 0;
		};
		A4CC20001EA9F8C0000A3A81 /* Sources */ = {
			isa = PBXSourcesBuildPhase;
			buildActionMask = 2147483647;
			files = (
				A4CC20091EA9F8C0000A3A81 /* TestCodegenUITests.swift in Sources */,
			);
			runOnlyForDeploymentPostprocessing = 0;
		};
/* End PBXSourcesBuildPhase section */

/* Begin PBXTargetDependency section */
		A4CC1FFB1EA9F8C0000A3A81 /* PBXTargetDependency */ = {
			isa = PBXTargetDependency;
			target = A4CC1FE41EA9F8C0000A3A81 /* TestCodegen */;
			targetProxy = A4CC1FFA1EA9F8C0000A3A81 /* PBXContainerItemProxy */;
		};
		A4CC20061EA9F8C0000A3A81 /* PBXTargetDependency */ = {
			isa = PBXTargetDependency;
			target = A4CC1FE41EA9F8C0000A3A81 /* TestCodegen */;
			targetProxy = A4CC20051EA9F8C0000A3A81 /* PBXContainerItemProxy */;
		};
/* End PBXTargetDependency section */

/* Begin PBXVariantGroup section */
		A4CC1FEC1EA9F8C0000A3A81 /* Main.storyboard */ = {
			isa = PBXVariantGroup;
			children = (
				A4CC1FED1EA9F8C0000A3A81 /* Base */,
			);
			name = Main.storyboard;
			sourceTree = "<group>";
		};
		A4CC1FF11EA9F8C0000A3A81 /* LaunchScreen.storyboard */ = {
			isa = PBXVariantGroup;
			children = (
				A4CC1FF21EA9F8C0000A3A81 /* Base */,
			);
			name = LaunchScreen.storyboard;
			sourceTree = "<group>";
		};
/* End PBXVariantGroup section */

/* Begin XCBuildConfiguration section */
		A4CC200B1EA9F8C0000A3A81 /* Debug */ = {
			isa = XCBuildConfiguration;
			buildSettings = {
				ALWAYS_SEARCH_USER_PATHS = NO;
				CLANG_ANALYZER_NONNULL = YES;
				CLANG_ANALYZER_NUMBER_OBJECT_CONVERSION = YES_AGGRESSIVE;
				CLANG_CXX_LANGUAGE_STANDARD = "gnu++0x";
				CLANG_CXX_LIBRARY = "libc++";
				CLANG_ENABLE_MODULES = YES;
				CLANG_ENABLE_OBJC_ARC = YES;
				CLANG_WARN_BOOL_CONVERSION = YES;
				CLANG_WARN_CONSTANT_CONVERSION = YES;
				CLANG_WARN_DIRECT_OBJC_ISA_USAGE = YES_ERROR;
				CLANG_WARN_DOCUMENTATION_COMMENTS = YES;
				CLANG_WARN_EMPTY_BODY = YES;
				CLANG_WARN_ENUM_CONVERSION = YES;
				CLANG_WARN_INFINITE_RECURSION = YES;
				CLANG_WARN_INT_CONVERSION = YES;
				CLANG_WARN_OBJC_ROOT_CLASS = YES_ERROR;
				CLANG_WARN_SUSPICIOUS_MOVE = YES;
				CLANG_WARN_UNREACHABLE_CODE = YES;
				CLANG_WARN__DUPLICATE_METHOD_MATCH = YES;
				"CODE_SIGN_IDENTITY[sdk=iphoneos*]" = "iPhone Developer";
				COPY_PHASE_STRIP = NO;
				DEBUG_INFORMATION_FORMAT = dwarf;
				ENABLE_STRICT_OBJC_MSGSEND = YES;
				ENABLE_TESTABILITY = YES;
				GCC_C_LANGUAGE_STANDARD = gnu99;
				GCC_DYNAMIC_NO_PIC = NO;
				GCC_NO_COMMON_BLOCKS = YES;
				GCC_OPTIMIZATION_LEVEL = 0;
				GCC_PREPROCESSOR_DEFINITIONS = (
					"DEBUG=1",
					"$(inherited)",
				);
				GCC_WARN_64_TO_32_BIT_CONVERSION = YES;
				GCC_WARN_ABOUT_RETURN_TYPE = YES_ERROR;
				GCC_WARN_UNDECLARED_SELECTOR = YES;
				GCC_WARN_UNINITIALIZED_AUTOS = YES_AGGRESSIVE;
				GCC_WARN_UNUSED_FUNCTION = YES;
				GCC_WARN_UNUSED_VARIABLE = YES;
				IPHONEOS_DEPLOYMENT_TARGET = 10.3;
				MTL_ENABLE_DEBUG_INFO = YES;
				ONLY_ACTIVE_ARCH = YES;
				SDKROOT = iphoneos;
				SWIFT_ACTIVE_COMPILATION_CONDITIONS = DEBUG;
				SWIFT_OPTIMIZATION_LEVEL = "-Onone";
				TARGETED_DEVICE_FAMILY = "1,2";
			};
			name = Debug;
		};
		A4CC200C1EA9F8C0000A3A81 /* Release */ = {
			isa = XCBuildConfiguration;
			buildSettings = {
				ALWAYS_SEARCH_USER_PATHS = NO;
				CLANG_ANALYZER_NONNULL = YES;
				CLANG_ANALYZER_NUMBER_OBJECT_CONVERSION = YES_AGGRESSIVE;
				CLANG_CXX_LANGUAGE_STANDARD = "gnu++0x";
				CLANG_CXX_LIBRARY = "libc++";
				CLANG_ENABLE_MODULES = YES;
				CLANG_ENABLE_OBJC_ARC = YES;
				CLANG_WARN_BOOL_CONVERSION = YES;
				CLANG_WARN_CONSTANT_CONVERSION = YES;
				CLANG_WARN_DIRECT_OBJC_ISA_USAGE = YES_ERROR;
				CLANG_WARN_DOCUMENTATION_COMMENTS = YES;
				CLANG_WARN_EMPTY_BODY = YES;
				CLANG_WARN_ENUM_CONVERSION = YES;
				CLANG_WARN_INFINITE_RECURSION = YES;
				CLANG_WARN_INT_CONVERSION = YES;
				CLANG_WARN_OBJC_ROOT_CLASS = YES_ERROR;
				CLANG_WARN_SUSPICIOUS_MOVE = YES;
				CLANG_WARN_UNREACHABLE_CODE = YES;
				CLANG_WARN__DUPLICATE_METHOD_MATCH = YES;
				"CODE_SIGN_IDENTITY[sdk=iphoneos*]" = "iPhone Developer";
				COPY_PHASE_STRIP = NO;
				DEBUG_INFORMATION_FORMAT = "dwarf-with-dsym";
				ENABLE_NS_ASSERTIONS = NO;
				ENABLE_STRICT_OBJC_MSGSEND = YES;
				GCC_C_LANGUAGE_STANDARD = gnu99;
				GCC_NO_COMMON_BLOCKS = YES;
				GCC_WARN_64_TO_32_BIT_CONVERSION = YES;
				GCC_WARN_ABOUT_RETURN_TYPE = YES_ERROR;
				GCC_WARN_UNDECLARED_SELECTOR = YES;
				GCC_WARN_UNINITIALIZED_AUTOS = YES_AGGRESSIVE;
				GCC_WARN_UNUSED_FUNCTION = YES;
				GCC_WARN_UNUSED_VARIABLE = YES;
				IPHONEOS_DEPLOYMENT_TARGET = 10.3;
				MTL_ENABLE_DEBUG_INFO = NO;
				SDKROOT = iphoneos;
				SWIFT_OPTIMIZATION_LEVEL = "-Owholemodule";
				TARGETED_DEVICE_FAMILY = "1,2";
				VALIDATE_PRODUCT = YES;
			};
			name = Release;
		};
		A4CC200E1EA9F8C0000A3A81 /* Debug */ = {
			isa = XCBuildConfiguration;
			baseConfigurationReference = F37A4C9941E8B08F3A66498E /* Pods-Abstract-TestCodegen.debug.xcconfig */;
			buildSettings = {
				ASSETCATALOG_COMPILER_APPICON_NAME = AppIcon;
				DEVELOPMENT_TEAM = 3EZN9G7JS8;
				INFOPLIST_FILE = TestCodegen/Info.plist;
				IPHONEOS_DEPLOYMENT_TARGET = 9.1;
				LD_RUNPATH_SEARCH_PATHS = "$(inherited) @executable_path/Frameworks";
				PRODUCT_BUNDLE_IDENTIFIER = fs.TestCodegen;
				PRODUCT_NAME = "$(TARGET_NAME)";
				SWIFT_VERSION = 3.0;
			};
			name = Debug;
		};
		A4CC200F1EA9F8C0000A3A81 /* Release */ = {
			isa = XCBuildConfiguration;
			baseConfigurationReference = 6CDF6D69CD319E1F903A1A03 /* Pods-Abstract-TestCodegen.release.xcconfig */;
			buildSettings = {
				ASSETCATALOG_COMPILER_APPICON_NAME = AppIcon;
				DEVELOPMENT_TEAM = 3EZN9G7JS8;
				INFOPLIST_FILE = TestCodegen/Info.plist;
				IPHONEOS_DEPLOYMENT_TARGET = 9.1;
				LD_RUNPATH_SEARCH_PATHS = "$(inherited) @executable_path/Frameworks";
				PRODUCT_BUNDLE_IDENTIFIER = fs.TestCodegen;
				PRODUCT_NAME = "$(TARGET_NAME)";
				SWIFT_VERSION = 3.0;
			};
			name = Release;
		};
		A4CC20111EA9F8C0000A3A81 /* Debug */ = {
			isa = XCBuildConfiguration;
			buildSettings = {
				ALWAYS_EMBED_SWIFT_STANDARD_LIBRARIES = YES;
				BUNDLE_LOADER = "$(TEST_HOST)";
				INFOPLIST_FILE = TestCodegenTests/Info.plist;
				LD_RUNPATH_SEARCH_PATHS = "$(inherited) @executable_path/Frameworks @loader_path/Frameworks";
				PRODUCT_BUNDLE_IDENTIFIER = fs.TestCodegenTests;
				PRODUCT_NAME = "$(TARGET_NAME)";
				SWIFT_VERSION = 3.0;
				TEST_HOST = "$(BUILT_PRODUCTS_DIR)/TestCodegen.app/TestCodegen";
			};
			name = Debug;
		};
		A4CC20121EA9F8C0000A3A81 /* Release */ = {
			isa = XCBuildConfiguration;
			buildSettings = {
				ALWAYS_EMBED_SWIFT_STANDARD_LIBRARIES = YES;
				BUNDLE_LOADER = "$(TEST_HOST)";
				INFOPLIST_FILE = TestCodegenTests/Info.plist;
				LD_RUNPATH_SEARCH_PATHS = "$(inherited) @executable_path/Frameworks @loader_path/Frameworks";
				PRODUCT_BUNDLE_IDENTIFIER = fs.TestCodegenTests;
				PRODUCT_NAME = "$(TARGET_NAME)";
				SWIFT_VERSION = 3.0;
				TEST_HOST = "$(BUILT_PRODUCTS_DIR)/TestCodegen.app/TestCodegen";
			};
			name = Release;
		};
		A4CC20141EA9F8C0000A3A81 /* Debug */ = {
			isa = XCBuildConfiguration;
			buildSettings = {
				ALWAYS_EMBED_SWIFT_STANDARD_LIBRARIES = YES;
				INFOPLIST_FILE = TestCodegenUITests/Info.plist;
				LD_RUNPATH_SEARCH_PATHS = "$(inherited) @executable_path/Frameworks @loader_path/Frameworks";
				PRODUCT_BUNDLE_IDENTIFIER = fs.TestCodegenUITests;
				PRODUCT_NAME = "$(TARGET_NAME)";
				SWIFT_VERSION = 3.0;
				TEST_TARGET_NAME = TestCodegen;
			};
			name = Debug;
		};
		A4CC20151EA9F8C0000A3A81 /* Release */ = {
			isa = XCBuildConfiguration;
			buildSettings = {
				ALWAYS_EMBED_SWIFT_STANDARD_LIBRARIES = YES;
				INFOPLIST_FILE = TestCodegenUITests/Info.plist;
				LD_RUNPATH_SEARCH_PATHS = "$(inherited) @executable_path/Frameworks @loader_path/Frameworks";
				PRODUCT_BUNDLE_IDENTIFIER = fs.TestCodegenUITests;
				PRODUCT_NAME = "$(TARGET_NAME)";
				SWIFT_VERSION = 3.0;
				TEST_TARGET_NAME = TestCodegen;
			};
			name = Release;
		};
/* End XCBuildConfiguration section */

/* Begin XCConfigurationList section */
		A4CC1FE01EA9F8C0000A3A81 /* Build configuration list for PBXProject "TestCodegen" */ = {
			isa = XCConfigurationList;
			buildConfigurations = (
				A4CC200B1EA9F8C0000A3A81 /* Debug */,
				A4CC200C1EA9F8C0000A3A81 /* Release */,
			);
			defaultConfigurationIsVisible = 0;
			defaultConfigurationName = Release;
		};
		A4CC200D1EA9F8C0000A3A81 /* Build configuration list for PBXNativeTarget "TestCodegen" */ = {
			isa = XCConfigurationList;
			buildConfigurations = (
				A4CC200E1EA9F8C0000A3A81 /* Debug */,
				A4CC200F1EA9F8C0000A3A81 /* Release */,
			);
			defaultConfigurationIsVisible = 0;
			defaultConfigurationName = Release;
		};
		A4CC20101EA9F8C0000A3A81 /* Build configuration list for PBXNativeTarget "TestCodegenTests" */ = {
			isa = XCConfigurationList;
			buildConfigurations = (
				A4CC20111EA9F8C0000A3A81 /* Debug */,
				A4CC20121EA9F8C0000A3A81 /* Release */,
			);
			defaultConfigurationIsVisible = 0;
			defaultConfigurationName = Release;
		};
		A4CC20131EA9F8C0000A3A81 /* Build configuration list for PBXNativeTarget "TestCodegenUITests" */ = {
			isa = XCConfigurationList;
			buildConfigurations = (
				A4CC20141EA9F8C0000A3A81 /* Debug */,
				A4CC20151EA9F8C0000A3A81 /* Release */,
			);
			defaultConfigurationIsVisible = 0;
			defaultConfigurationName = Release;
		};
/* End XCConfigurationList section */
	};
	rootObject = A4CC1FDD1EA9F8C0000A3A81 /* Project object */;
}
